// !$*UTF8*$!
{
	archiveVersion = 1;
	classes = {
	};
	objectVersion = 46;
	objects = {

/* Begin PBXBuildFile section */
		4425852B1DC23DCC00BFEE7C /* AppDelegate.swift in Sources */ = {isa = PBXBuildFile; fileRef = 4425852A1DC23DCC00BFEE7C /* AppDelegate.swift */; };
		4425852D1DC23DCC00BFEE7C /* ViewController.swift in Sources */ = {isa = PBXBuildFile; fileRef = 4425852C1DC23DCC00BFEE7C /* ViewController.swift */; };
		442585301DC23DCC00BFEE7C /* Main.storyboard in Resources */ = {isa = PBXBuildFile; fileRef = 4425852E1DC23DCC00BFEE7C /* Main.storyboard */; };
		442585321DC23DCC00BFEE7C /* Assets.xcassets in Resources */ = {isa = PBXBuildFile; fileRef = 442585311DC23DCC00BFEE7C /* Assets.xcassets */; };
		442585351DC23DCC00BFEE7C /* LaunchScreen.storyboard in Resources */ = {isa = PBXBuildFile; fileRef = 442585331DC23DCC00BFEE7C /* LaunchScreen.storyboard */; };
		4425853D1DC23DF400BFEE7C /* View.xib in Resources */ = {isa = PBXBuildFile; fileRef = 4425853C1DC23DF400BFEE7C /* View.xib */; };
		4425853F1DC23EC800BFEE7C /* CoolView.xib in Resources */ = {isa = PBXBuildFile; fileRef = 4425853E1DC23EC800BFEE7C /* CoolView.xib */; };
/* End PBXBuildFile section */

/* Begin PBXFileReference section */
		442585271DC23DCC00BFEE7C /* NibLoading.app */ = {isa = PBXFileReference; explicitFileType = wrapper.application; includeInIndex = 0; path = NibLoading.app; sourceTree = BUILT_PRODUCTS_DIR; };
		4425852A1DC23DCC00BFEE7C /* AppDelegate.swift */ = {isa = PBXFileReference; lastKnownFileType = sourcecode.swift; path = AppDelegate.swift; sourceTree = "<group>"; };
		4425852C1DC23DCC00BFEE7C /* ViewController.swift */ = {isa = PBXFileReference; lastKnownFileType = sourcecode.swift; path = ViewController.swift; sourceTree = "<group>"; };
		4425852F1DC23DCC00BFEE7C /* Base */ = {isa = PBXFileReference; lastKnownFileType = file.storyboard; name = Base; path = Base.lproj/Main.storyboard; sourceTree = "<group>"; };
		442585311DC23DCC00BFEE7C /* Assets.xcassets */ = {isa = PBXFileReference; lastKnownFileType = folder.assetcatalog; path = Assets.xcassets; sourceTree = "<group>"; };
		442585341DC23DCC00BFEE7C /* Base */ = {isa = PBXFileReference; lastKnownFileType = file.storyboard; name = Base; path = Base.lproj/LaunchScreen.storyboard; sourceTree = "<group>"; };
		442585361DC23DCC00BFEE7C /* Info.plist */ = {isa = PBXFileReference; lastKnownFileType = text.plist.xml; path = Info.plist; sourceTree = "<group>"; };
		4425853C1DC23DF400BFEE7C /* View.xib */ = {isa = PBXFileReference; fileEncoding = 4; lastKnownFileType = file.xib; path = View.xib; sourceTree = "<group>"; };
		4425853E1DC23EC800BFEE7C /* CoolView.xib */ = {isa = PBXFileReference; fileEncoding = 4; lastKnownFileType = file.xib; path = CoolView.xib; sourceTree = "<group>"; };
/* End PBXFileReference section */

/* Begin PBXFrameworksBuildPhase section */
		442585241DC23DCC00BFEE7C /* Frameworks */ = {
			isa = PBXFrameworksBuildPhase;
			buildActionMask = 2147483647;
			files = (
			);
			runOnlyForDeploymentPostprocessing = 0;
		};
/* End PBXFrameworksBuildPhase section */

/* Begin PBXGroup section */
		4425851E1DC23DCC00BFEE7C = {
			isa = PBXGroup;
			children = (
				442585291DC23DCC00BFEE7C /* NibLoading */,
				442585281DC23DCC00BFEE7C /* Products */,
			);
			sourceTree = "<group>";
		};
		442585281DC23DCC00BFEE7C /* Products */ = {
			isa = PBXGroup;
			children = (
				442585271DC23DCC00BFEE7C /* NibLoading.app */,
			);
			name = Products;
			sourceTree = "<group>";
		};
		442585291DC23DCC00BFEE7C /* NibLoading */ = {
			isa = PBXGroup;
			children = (
				4425852A1DC23DCC00BFEE7C /* AppDelegate.swift */,
				4425852C1DC23DCC00BFEE7C /* ViewController.swift */,
				4425852E1DC23DCC00BFEE7C /* Main.storyboard */,
				4425853C1DC23DF400BFEE7C /* View.xib */,
				4425853E1DC23EC800BFEE7C /* CoolView.xib */,
				442585311DC23DCC00BFEE7C /* Assets.xcassets */,
				442585331DC23DCC00BFEE7C /* LaunchScreen.storyboard */,
				442585361DC23DCC00BFEE7C /* Info.plist */,
			);
			path = NibLoading;
			sourceTree = "<group>";
		};
/* End PBXGroup section */

/* Begin PBXNativeTarget section */
		442585261DC23DCC00BFEE7C /* NibLoading */ = {
			isa = PBXNativeTarget;
			buildConfigurationList = 442585391DC23DCC00BFEE7C /* Build configuration list for PBXNativeTarget "NibLoading" */;
			buildPhases = (
				442585231DC23DCC00BFEE7C /* Sources */,
				442585241DC23DCC00BFEE7C /* Frameworks */,
				442585251DC23DCC00BFEE7C /* Resources */,
			);
			buildRules = (
			);
			dependencies = (
			);
			name = NibLoading;
			productName = NibLoading;
			productReference = 442585271DC23DCC00BFEE7C /* NibLoading.app */;
			productType = "com.apple.product-type.application";
		};
/* End PBXNativeTarget section */

/* Begin PBXProject section */
		4425851F1DC23DCC00BFEE7C /* Project object */ = {
			isa = PBXProject;
			attributes = {
				LastSwiftUpdateCheck = 0800;
				LastUpgradeCheck = 0800;
				ORGANIZATIONNAME = rockgarden;
				TargetAttributes = {
					442585261DC23DCC00BFEE7C = {
						CreatedOnToolsVersion = 8.0;
						ProvisioningStyle = Automatic;
					};
				};
			};
			buildConfigurationList = 442585221DC23DCC00BFEE7C /* Build configuration list for PBXProject "NibLoading" */;
			compatibilityVersion = "Xcode 3.2";
			developmentRegion = English;
			hasScannedForEncodings = 0;
			knownRegions = (
				en,
				Base,
			);
			mainGroup = 4425851E1DC23DCC00BFEE7C;
			productRefGroup = 442585281DC23DCC00BFEE7C /* Products */;
			projectDirPath = "";
			projectRoot = "";
			targets = (
				442585261DC23DCC00BFEE7C /* NibLoading */,
			);
		};
/* End PBXProject section */

/* Begin PBXResourcesBuildPhase section */
		442585251DC23DCC00BFEE7C /* Resources */ = {
			isa = PBXResourcesBuildPhase;
			buildActionMask = 2147483647;
			files = (
				4425853D1DC23DF400BFEE7C /* View.xib in Resources */,
				442585351DC23DCC00BFEE7C /* LaunchScreen.storyboard in Resources */,
				442585321DC23DCC00BFEE7C /* Assets.xcassets in Resources */,
				4425853F1DC23EC800BFEE7C /* CoolView.xib in Resources */,
				442585301DC23DCC00BFEE7C /* Main.storyboard in Resources */,
			);
			runOnlyForDeploymentPostprocessing = 0;
		};
/* End PBXResourcesBuildPhase section */

/* Begin PBXSourcesBuildPhase section */
		442585231DC23DCC00BFEE7C /* Sources */ = {
			isa = PBXSourcesBuildPhase;
			buildActionMask = 2147483647;
			files = (
				4425852D1DC23DCC00BFEE7C /* ViewController.swift in Sources */,
				4425852B1DC23DCC00BFEE7C /* AppDelegate.swift in Sources */,
			);
			runOnlyForDeploymentPostprocessing = 0;
		};
/* End PBXSourcesBuildPhase section */

/* Begin PBXVariantGroup section */
		4425852E1DC23DCC00BFEE7C /* Main.storyboard */ = {
			isa = PBXVariantGroup;
			children = (
				4425852F1DC23DCC00BFEE7C /* Base */,
			);
			name = Main.storyboard;
			sourceTree = "<group>";
		};
		442585331DC23DCC00BFEE7C /* LaunchScreen.storyboard */ = {
			isa = PBXVariantGroup;
			children = (
				442585341DC23DCC00BFEE7C /* Base */,
			);
			name = LaunchScreen.storyboard;
			sourceTree = "<group>";
		};
/* End PBXVariantGroup section */

/* Begin XCBuildConfiguration section */
		442585371DC23DCC00BFEE7C /* Debug */ = {
			isa = XCBuildConfiguration;
			buildSettings = {
				ALWAYS_SEARCH_USER_PATHS = NO;
				CLANG_ANALYZER_NONNULL = YES;
				CLANG_CXX_LANGUAGE_STANDARD = "gnu++0x";
				CLANG_CXX_LIBRARY = "libc++";
				CLANG_ENABLE_MODULES = YES;
				CLANG_ENABLE_OBJC_ARC = YES;
				CLANG_WARN_BOOL_CONVERSION = YES;
				CLANG_WARN_CONSTANT_CONVERSION = YES;
				CLANG_WARN_DIRECT_OBJC_ISA_USAGE = YES_ERROR;
				CLANG_WARN_DOCUMENTATION_COMMENTS = YES;
				CLANG_WARN_EMPTY_BODY = YES;
				CLANG_WARN_ENUM_CONVERSION = YES;
				CLANG_WARN_INFINITE_RECURSION = YES;
				CLANG_WARN_INT_CONVERSION = YES;
				CLANG_WARN_OBJC_ROOT_CLASS = YES_ERROR;
				CLANG_WARN_SUSPICIOUS_MOVES = YES;
				CLANG_WARN_UNREACHABLE_CODE = YES;
				CLANG_WARN__DUPLICATE_METHOD_MATCH = YES;
				"CODE_SIGN_IDENTITY[sdk=iphoneos*]" = "iPhone Developer";
				COPY_PHASE_STRIP = NO;
				DEBUG_INFORMATION_FORMAT = dwarf;
				ENABLE_STRICT_OBJC_MSGSEND = YES;
				ENABLE_TESTABILITY = YES;
				GCC_C_LANGUAGE_STANDARD = gnu99;
				GCC_DYNAMIC_NO_PIC = NO;
				GCC_NO_COMMON_BLOCKS = YES;
				GCC_OPTIMIZATION_LEVEL = 0;
				GCC_PREPROCESSOR_DEFINITIONS = (
					"DEBUG=1",
					"$(inherited)",
				);
				GCC_WARN_64_TO_32_BIT_CONVERSION = YES;
				GCC_WARN_ABOUT_RETURN_TYPE = YES_ERROR;
				GCC_WARN_UNDECLARED_SELECTOR = YES;
				GCC_WARN_UNINITIALIZED_AUTOS = YES_AGGRESSIVE;
				GCC_WARN_UNUSED_FUNCTION = YES;
				GCC_WARN_UNUSED_VARIABLE = YES;
				IPHONEOS_DEPLOYMENT_TARGET = 10.0;
				MTL_ENABLE_DEBUG_INFO = YES;
				ONLY_ACTIVE_ARCH = YES;
				SDKROOT = iphoneos;
				SWIFT_ACTIVE_COMPILATION_CONDITIONS = DEBUG;
				SWIFT_OPTIMIZATION_LEVEL = "-Onone";
			};
			name = Debug;
		};
		442585381DC23DCC00BFEE7C /* Release */ = {
			isa = XCBuildConfiguration;
			buildSettings = {
				ALWAYS_SEARCH_USER_PATHS = NO;
				CLANG_ANALYZER_NONNULL = YES;
				CLANG_CXX_LANGUAGE_STANDARD = "gnu++0x";
				CLANG_CXX_LIBRARY = "libc++";
				CLANG_ENABLE_MODULES = YES;
				CLANG_ENABLE_OBJC_ARC = YES;
				CLANG_WARN_BOOL_CONVERSION = YES;
				CLANG_WARN_CONSTANT_CONVERSION = YES;
				CLANG_WARN_DIRECT_OBJC_ISA_USAGE = YES_ERROR;
				CLANG_WARN_DOCUMENTATION_COMMENTS = YES;
				CLANG_WARN_EMPTY_BODY = YES;
				CLANG_WARN_ENUM_CONVERSION = YES;
				CLANG_WARN_INFINITE_RECURSION = YES;
				CLANG_WARN_INT_CONVERSION = YES;
				CLANG_WARN_OBJC_ROOT_CLASS = YES_ERROR;
				CLANG_WARN_SUSPICIOUS_MOVES = YES;
				CLANG_WARN_UNREACHABLE_CODE = YES;
				CLANG_WARN__DUPLICATE_METHOD_MATCH = YES;
				"CODE_SIGN_IDENTITY[sdk=iphoneos*]" = "iPhone Developer";
				COPY_PHASE_STRIP = NO;
				DEBUG_INFORMATION_FORMAT = "dwarf-with-dsym";
				ENABLE_NS_ASSERTIONS = NO;
				ENABLE_STRICT_OBJC_MSGSEND = YES;
				GCC_C_LANGUAGE_STANDARD = gnu99;
				GCC_NO_COMMON_BLOCKS = YES;
				GCC_WARN_64_TO_32_BIT_CONVERSION = YES;
				GCC_WARN_ABOUT_RETURN_TYPE = YES_ERROR;
				GCC_WARN_UNDECLARED_SELECTOR = YES;
				GCC_WARN_UNINITIALIZED_AUTOS = YES_AGGRESSIVE;
				GCC_WARN_UNUSED_FUNCTION = YES;
				GCC_WARN_UNUSED_VARIABLE = YES;
				IPHONEOS_DEPLOYMENT_TARGET = 10.0;
				MTL_ENABLE_DEBUG_INFO = NO;
				SDKROOT = iphoneos;
				SWIFT_OPTIMIZATION_LEVEL = "-Owholemodule";
				VALIDATE_PRODUCT = YES;
			};
			name = Release;
		};
		4425853A1DC23DCC00BFEE7C /* Debug */ = {
			isa = XCBuildConfiguration;
			buildSettings = {
				ASSETCATALOG_COMPILER_APPICON_NAME = AppIcon;
				INFOPLIST_FILE = NibLoading/Info.plist;
				LD_RUNPATH_SEARCH_PATHS = "$(inherited) @executable_path/Frameworks";
				PRODUCT_BUNDLE_IDENTIFIER = com.rockgarden.NibLoading;
				PRODUCT_NAME = "$(TARGET_NAME)";
				SWIFT_VERSION = 3.0;
			};
			name = Debug;
		};
		4425853B1DC23DCC00BFEE7C /* Release */ = {
			isa = XCBuildConfiguration;
			buildSettings = {
				ASSETCATALOG_COMPILER_APPICON_NAME = AppIcon;
				INFOPLIST_FILE = NibLoading/Info.plist;
				LD_RUNPATH_SEARCH_PATHS = "$(inherited) @executable_path/Frameworks";
				PRODUCT_BUNDLE_IDENTIFIER = com.rockgarden.NibLoading;
				PRODUCT_NAME = "$(TARGET_NAME)";
				SWIFT_VERSION = 3.0;
			};
			name = Release;
		};
/* End XCBuildConfiguration section */

/* Begin XCConfigurationList section */
		442585221DC23DCC00BFEE7C /* Build configuration list for PBXProject "NibLoading" */ = {
			isa = XCConfigurationList;
			buildConfigurations = (
				442585371DC23DCC00BFEE7C /* Debug */,
				442585381DC23DCC00BFEE7C /* Release */,
			);
			defaultConfigurationIsVisible = 0;
			defaultConfigurationName = Release;
		};
		442585391DC23DCC00BFEE7C /* Build configuration list for PBXNativeTarget "NibLoading" */ = {
			isa = XCConfigurationList;
			buildConfigurations = (
				4425853A1DC23DCC00BFEE7C /* Debug */,
				4425853B1DC23DCC00BFEE7C /* Release */,
			);
			defaultConfigurationIsVisible = 0;
		};
/* End XCConfigurationList section */
	};
	rootObject = 4425851F1DC23DCC00BFEE7C /* Project object */;
}
