// !$*UTF8*$!
{
	archiveVersion = 1;
	classes = {
	};
	objectVersion = 46;
	objects = {

/* Begin PBXBuildFile section */
		449718181DBB608A009C1868 /* FirstVC.swift in Sources */ = {isa = PBXBuildFile; fileRef = 449718171DBB608A009C1868 /* FirstVC.swift */; };
		4497181A1DBB60DB009C1868 /* SecondVC.swift in Sources */ = {isa = PBXBuildFile; fileRef = 449718191DBB60DB009C1868 /* SecondVC.swift */; };
		4497181C1DBB9F40009C1868 /* TabbedUnwind.storyboard in Resources */ = {isa = PBXBuildFile; fileRef = 4497181B1DBB9F40009C1868 /* TabbedUnwind.storyboard */; };
		4497181E1DBB9F63009C1868 /* TabbedUnwindFirstVC.swift in Sources */ = {isa = PBXBuildFile; fileRef = 4497181D1DBB9F63009C1868 /* TabbedUnwindFirstVC.swift */; };
		449718201DBB9FD5009C1868 /* TabbedUnwindSecondVC.swift in Sources */ = {isa = PBXBuildFile; fileRef = 4497181F1DBB9FD5009C1868 /* TabbedUnwindSecondVC.swift */; };
		449718221DBBA010009C1868 /* ExtraViewController.swift in Sources */ = {isa = PBXBuildFile; fileRef = 449718211DBBA010009C1868 /* ExtraViewController.swift */; };
		449718271DBBA107009C1868 /* TabViewController.storyboard in Resources */ = {isa = PBXBuildFile; fileRef = 449718261DBBA107009C1868 /* TabViewController.storyboard */; };
		449789C51D6DD33200A607A9 /* AppDelegate.swift in Sources */ = {isa = PBXBuildFile; fileRef = 449789C41D6DD33200A607A9 /* AppDelegate.swift */; };
		449789C71D6DD33200A607A9 /* SubVC.swift in Sources */ = {isa = PBXBuildFile; fileRef = 449789C61D6DD33200A607A9 /* SubVC.swift */; };
		449789CA1D6DD33200A607A9 /* Main.storyboard in Resources */ = {isa = PBXBuildFile; fileRef = 449789C81D6DD33200A607A9 /* Main.storyboard */; };
		449789CC1D6DD33200A607A9 /* Assets.xcassets in Resources */ = {isa = PBXBuildFile; fileRef = 449789CB1D6DD33200A607A9 /* Assets.xcassets */; };
		449789CF1D6DD33200A607A9 /* LaunchScreen.storyboard in Resources */ = {isa = PBXBuildFile; fileRef = 449789CD1D6DD33200A607A9 /* LaunchScreen.storyboard */; };
		449789D71D6DD38B00A607A9 /* MyDataSource.swift in Sources */ = {isa = PBXBuildFile; fileRef = 449789D61D6DD38B00A607A9 /* MyDataSource.swift */; };
		449789D91D6DD6A500A607A9 /* TabViewController.swift in Sources */ = {isa = PBXBuildFile; fileRef = 449789D81D6DD6A500A607A9 /* TabViewController.swift */; };
		449E5D801E13E9CF009F2915 /* TabBarVC.swift in Sources */ = {isa = PBXBuildFile; fileRef = 449E5D7F1E13E9CF009F2915 /* TabBarVC.swift */; };
/* End PBXBuildFile section */

/* Begin PBXFileReference section */
		449718171DBB608A009C1868 /* FirstVC.swift */ = {isa = PBXFileReference; fileEncoding = 4; lastKnownFileType = sourcecode.swift; path = FirstVC.swift; sourceTree = "<group>"; };
		449718191DBB60DB009C1868 /* SecondVC.swift */ = {isa = PBXFileReference; fileEncoding = 4; lastKnownFileType = sourcecode.swift; path = SecondVC.swift; sourceTree = "<group>"; };
		4497181B1DBB9F40009C1868 /* TabbedUnwind.storyboard */ = {isa = PBXFileReference; fileEncoding = 4; lastKnownFileType = file.storyboard; path = TabbedUnwind.storyboard; sourceTree = "<group>"; };
		4497181D1DBB9F63009C1868 /* TabbedUnwindFirstVC.swift */ = {isa = PBXFileReference; fileEncoding = 4; lastKnownFileType = sourcecode.swift; path = TabbedUnwindFirstVC.swift; sourceTree = "<group>"; };
		4497181F1DBB9FD5009C1868 /* TabbedUnwindSecondVC.swift */ = {isa = PBXFileReference; fileEncoding = 4; lastKnownFileType = sourcecode.swift; path = TabbedUnwindSecondVC.swift; sourceTree = "<group>"; };
		449718211DBBA010009C1868 /* ExtraViewController.swift */ = {isa = PBXFileReference; fileEncoding = 4; lastKnownFileType = sourcecode.swift; path = ExtraViewController.swift; sourceTree = "<group>"; };
		449718261DBBA107009C1868 /* TabViewController.storyboard */ = {isa = PBXFileReference; fileEncoding = 4; lastKnownFileType = file.storyboard; path = TabViewController.storyboard; sourceTree = "<group>"; };
		449789C11D6DD33200A607A9 /* TabBar.app */ = {isa = PBXFileReference; explicitFileType = wrapper.application; includeInIndex = 0; path = TabBar.app; sourceTree = BUILT_PRODUCTS_DIR; };
		449789C41D6DD33200A607A9 /* AppDelegate.swift */ = {isa = PBXFileReference; lastKnownFileType = sourcecode.swift; path = AppDelegate.swift; sourceTree = "<group>"; };
		449789C61D6DD33200A607A9 /* SubVC.swift */ = {isa = PBXFileReference; lastKnownFileType = sourcecode.swift; path = SubVC.swift; sourceTree = "<group>"; };
		449789C91D6DD33200A607A9 /* Base */ = {isa = PBXFileReference; lastKnownFileType = file.storyboard; name = Base; path = Base.lproj/Main.storyboard; sourceTree = "<group>"; };
		449789CB1D6DD33200A607A9 /* Assets.xcassets */ = {isa = PBXFileReference; lastKnownFileType = folder.assetcatalog; path = Assets.xcassets; sourceTree = "<group>"; };
		449789CE1D6DD33200A607A9 /* Base */ = {isa = PBXFileReference; lastKnownFileType = file.storyboard; name = Base; path = Base.lproj/LaunchScreen.storyboard; sourceTree = "<group>"; };
		449789D01D6DD33200A607A9 /* Info.plist */ = {isa = PBXFileReference; lastKnownFileType = text.plist.xml; path = Info.plist; sourceTree = "<group>"; };
		449789D61D6DD38B00A607A9 /* MyDataSource.swift */ = {isa = PBXFileReference; fileEncoding = 4; lastKnownFileType = sourcecode.swift; path = MyDataSource.swift; sourceTree = "<group>"; };
		449789D81D6DD6A500A607A9 /* TabViewController.swift */ = {isa = PBXFileReference; fileEncoding = 4; lastKnownFileType = sourcecode.swift; path = TabViewController.swift; sourceTree = "<group>"; };
		449E5D7F1E13E9CF009F2915 /* TabBarVC.swift */ = {isa = PBXFileReference; fileEncoding = 4; lastKnownFileType = sourcecode.swift; path = TabBarVC.swift; sourceTree = "<group>"; };
/* End PBXFileReference section */

/* Begin PBXFrameworksBuildPhase section */
		449789BE1D6DD33200A607A9 /* Frameworks */ = {
			isa = PBXFrameworksBuildPhase;
			buildActionMask = 2147483647;
			files = (
			);
			runOnlyForDeploymentPostprocessing = 0;
		};
/* End PBXFrameworksBuildPhase section */

/* Begin PBXGroup section */
		449718231DBBA01B009C1868 /* Unwind */ = {
			isa = PBXGroup;
			children = (
				4497181B1DBB9F40009C1868 /* TabbedUnwind.storyboard */,
				4497181D1DBB9F63009C1868 /* TabbedUnwindFirstVC.swift */,
				4497181F1DBB9FD5009C1868 /* TabbedUnwindSecondVC.swift */,
				449718211DBBA010009C1868 /* ExtraViewController.swift */,
			);
			name = Unwind;
			sourceTree = "<group>";
		};
		449718241DBBA057009C1868 /* exampleCodeInit */ = {
			isa = PBXGroup;
			children = (
				449789D61D6DD38B00A607A9 /* MyDataSource.swift */,
			);
			name = exampleCodeInit;
			sourceTree = "<group>";
		};
		449718251DBBA0AF009C1868 /* exampleNoController */ = {
			isa = PBXGroup;
			children = (
				449789D81D6DD6A500A607A9 /* TabViewController.swift */,
				449718261DBBA107009C1868 /* TabViewController.storyboard */,
			);
			name = exampleNoController;
			sourceTree = "<group>";
		};
		449789B81D6DD33200A607A9 = {
			isa = PBXGroup;
			children = (
				449789C31D6DD33200A607A9 /* TabBar */,
				449789C21D6DD33200A607A9 /* Products */,
			);
			sourceTree = "<group>";
		};
		449789C21D6DD33200A607A9 /* Products */ = {
			isa = PBXGroup;
			children = (
				449789C11D6DD33200A607A9 /* TabBar.app */,
			);
			name = Products;
			sourceTree = "<group>";
		};
		449789C31D6DD33200A607A9 /* TabBar */ = {
			isa = PBXGroup;
			children = (
				449789C41D6DD33200A607A9 /* AppDelegate.swift */,
				449D1CA91E9929ED000C7446 /* tabbedInterface */,
				449789C61D6DD33200A607A9 /* SubVC.swift */,
				449718251DBBA0AF009C1868 /* exampleNoController */,
				449718241DBBA057009C1868 /* exampleCodeInit */,
				449718231DBBA01B009C1868 /* Unwind */,
				449789CB1D6DD33200A607A9 /* Assets.xcassets */,
				449789CD1D6DD33200A607A9 /* LaunchScreen.storyboard */,
				449789D01D6DD33200A607A9 /* Info.plist */,
			);
			path = TabBar;
			sourceTree = "<group>";
		};
		449D1CA91E9929ED000C7446 /* tabbedInterface */ = {
			isa = PBXGroup;
			children = (
				449789C81D6DD33200A607A9 /* Main.storyboard */,
				449E5D7F1E13E9CF009F2915 /* TabBarVC.swift */,
				449718171DBB608A009C1868 /* FirstVC.swift */,
				449718191DBB60DB009C1868 /* SecondVC.swift */,
			);
			name = tabbedInterface;
			sourceTree = "<group>";
		};
/* End PBXGroup section */

/* Begin PBXNativeTarget section */
		449789C01D6DD33200A607A9 /* TabBar */ = {
			isa = PBXNativeTarget;
			buildConfigurationList = 449789D31D6DD33200A607A9 /* Build configuration list for PBXNativeTarget "TabBar" */;
			buildPhases = (
				449789BD1D6DD33200A607A9 /* Sources */,
				449789BE1D6DD33200A607A9 /* Frameworks */,
				449789BF1D6DD33200A607A9 /* Resources */,
			);
			buildRules = (
			);
			dependencies = (
			);
			name = TabBar;
			productName = TabBar;
			productReference = 449789C11D6DD33200A607A9 /* TabBar.app */;
			productType = "com.apple.product-type.application";
		};
/* End PBXNativeTarget section */

/* Begin PBXProject section */
		449789B91D6DD33200A607A9 /* Project object */ = {
			isa = PBXProject;
			attributes = {
				LastSwiftUpdateCheck = 0730;
				LastUpgradeCheck = 0800;
				ORGANIZATIONNAME = rockgarden;
				TargetAttributes = {
					449789C01D6DD33200A607A9 = {
						CreatedOnToolsVersion = 7.3.1;
						DevelopmentTeam = W3MH7MTTSB;
						LastSwiftMigration = 0800;
					};
				};
			};
			buildConfigurationList = 449789BC1D6DD33200A607A9 /* Build configuration list for PBXProject "TabBar" */;
			compatibilityVersion = "Xcode 3.2";
			developmentRegion = English;
			hasScannedForEncodings = 0;
			knownRegions = (
				en,
				Base,
			);
			mainGroup = 449789B81D6DD33200A607A9;
			productRefGroup = 449789C21D6DD33200A607A9 /* Products */;
			projectDirPath = "";
			projectRoot = "";
			targets = (
				449789C01D6DD33200A607A9 /* TabBar */,
			);
		};
/* End PBXProject section */

/* Begin PBXResourcesBuildPhase section */
		449789BF1D6DD33200A607A9 /* Resources */ = {
			isa = PBXResourcesBuildPhase;
			buildActionMask = 2147483647;
			files = (
				449718271DBBA107009C1868 /* TabViewController.storyboard in Resources */,
				449789CF1D6DD33200A607A9 /* LaunchScreen.storyboard in Resources */,
				4497181C1DBB9F40009C1868 /* TabbedUnwind.storyboard in Resources */,
				449789CC1D6DD33200A607A9 /* Assets.xcassets in Resources */,
				449789CA1D6DD33200A607A9 /* Main.storyboard in Resources */,
			);
			runOnlyForDeploymentPostprocessing = 0;
		};
/* End PBXResourcesBuildPhase section */

/* Begin PBXSourcesBuildPhase section */
		449789BD1D6DD33200A607A9 /* Sources */ = {
			isa = PBXSourcesBuildPhase;
			buildActionMask = 2147483647;
			files = (
				449789D91D6DD6A500A607A9 /* TabViewController.swift in Sources */,
				449718201DBB9FD5009C1868 /* TabbedUnwindSecondVC.swift in Sources */,
				449E5D801E13E9CF009F2915 /* TabBarVC.swift in Sources */,
				449718221DBBA010009C1868 /* ExtraViewController.swift in Sources */,
				449789C71D6DD33200A607A9 /* SubVC.swift in Sources */,
				449789D71D6DD38B00A607A9 /* MyDataSource.swift in Sources */,
				4497181E1DBB9F63009C1868 /* TabbedUnwindFirstVC.swift in Sources */,
				449718181DBB608A009C1868 /* FirstVC.swift in Sources */,
				4497181A1DBB60DB009C1868 /* SecondVC.swift in Sources */,
				449789C51D6DD33200A607A9 /* AppDelegate.swift in Sources */,
			);
			runOnlyForDeploymentPostprocessing = 0;
		};
/* End PBXSourcesBuildPhase section */

/* Begin PBXVariantGroup section */
		449789C81D6DD33200A607A9 /* Main.storyboard */ = {
			isa = PBXVariantGroup;
			children = (
				449789C91D6DD33200A607A9 /* Base */,
			);
			name = Main.storyboard;
			sourceTree = "<group>";
		};
		449789CD1D6DD33200A607A9 /* LaunchScreen.storyboard */ = {
			isa = PBXVariantGroup;
			children = (
				449789CE1D6DD33200A607A9 /* Base */,
			);
			name = LaunchScreen.storyboard;
			sourceTree = "<group>";
		};
/* End PBXVariantGroup section */

/* Begin XCBuildConfiguration section */
		449789D11D6DD33200A607A9 /* Debug */ = {
			isa = XCBuildConfiguration;
			buildSettings = {
				ALWAYS_SEARCH_USER_PATHS = NO;
				CLANG_ANALYZER_NONNULL = YES;
				CLANG_CXX_LANGUAGE_STANDARD = "gnu++0x";
				CLANG_CXX_LIBRARY = "libc++";
				CLANG_ENABLE_MODULES = YES;
				CLANG_ENABLE_OBJC_ARC = YES;
				CLANG_WARN_BOOL_CONVERSION = YES;
				CLANG_WARN_CONSTANT_CONVERSION = YES;
				CLANG_WARN_DIRECT_OBJC_ISA_USAGE = YES_ERROR;
				CLANG_WARN_EMPTY_BODY = YES;
				CLANG_WARN_ENUM_CONVERSION = YES;
				CLANG_WARN_INFINITE_RECURSION = YES;
				CLANG_WARN_INT_CONVERSION = YES;
				CLANG_WARN_OBJC_ROOT_CLASS = YES_ERROR;
				CLANG_WARN_SUSPICIOUS_MOVE = YES;
				CLANG_WARN_UNREACHABLE_CODE = YES;
				CLANG_WARN__DUPLICATE_METHOD_MATCH = YES;
				"CODE_SIGN_IDENTITY[sdk=iphoneos*]" = "iPhone Developer";
				COPY_PHASE_STRIP = NO;
				DEBUG_INFORMATION_FORMAT = dwarf;
				ENABLE_STRICT_OBJC_MSGSEND = YES;
				ENABLE_TESTABILITY = YES;
				GCC_C_LANGUAGE_STANDARD = gnu99;
				GCC_DYNAMIC_NO_PIC = NO;
				GCC_NO_COMMON_BLOCKS = YES;
				GCC_OPTIMIZATION_LEVEL = 0;
				GCC_PREPROCESSOR_DEFINITIONS = (
					"DEBUG=1",
					"$(inherited)",
				);
				GCC_WARN_64_TO_32_BIT_CONVERSION = YES;
				GCC_WARN_ABOUT_RETURN_TYPE = YES_ERROR;
				GCC_WARN_UNDECLARED_SELECTOR = YES;
				GCC_WARN_UNINITIALIZED_AUTOS = YES_AGGRESSIVE;
				GCC_WARN_UNUSED_FUNCTION = YES;
				GCC_WARN_UNUSED_VARIABLE = YES;
				IPHONEOS_DEPLOYMENT_TARGET = 9.0;
				MTL_ENABLE_DEBUG_INFO = YES;
				ONLY_ACTIVE_ARCH = YES;
				SDKROOT = iphoneos;
				SWIFT_OPTIMIZATION_LEVEL = "-Onone";
			};
			name = Debug;
		};
		449789D21D6DD33200A607A9 /* Release */ = {
			isa = XCBuildConfiguration;
			buildSettings = {
				ALWAYS_SEARCH_USER_PATHS = NO;
				CLANG_ANALYZER_NONNULL = YES;
				CLANG_CXX_LANGUAGE_STANDARD = "gnu++0x";
				CLANG_CXX_LIBRARY = "libc++";
				CLANG_ENABLE_MODULES = YES;
				CLANG_ENABLE_OBJC_ARC = YES;
				CLANG_WARN_BOOL_CONVERSION = YES;
				CLANG_WARN_CONSTANT_CONVERSION = YES;
				CLANG_WARN_DIRECT_OBJC_ISA_USAGE = YES_ERROR;
				CLANG_WARN_EMPTY_BODY = YES;
				CLANG_WARN_ENUM_CONVERSION = YES;
				CLANG_WARN_INFINITE_RECURSION = YES;
				CLANG_WARN_INT_CONVERSION = YES;
				CLANG_WARN_OBJC_ROOT_CLASS = YES_ERROR;
				CLANG_WARN_SUSPICIOUS_MOVE = YES;
				CLANG_WARN_UNREACHABLE_CODE = YES;
				CLANG_WARN__DUPLICATE_METHOD_MATCH = YES;
				"CODE_SIGN_IDENTITY[sdk=iphoneos*]" = "iPhone Developer";
				COPY_PHASE_STRIP = NO;
				DEBUG_INFORMATION_FORMAT = "dwarf-with-dsym";
				ENABLE_NS_ASSERTIONS = NO;
				ENABLE_STRICT_OBJC_MSGSEND = YES;
				GCC_C_LANGUAGE_STANDARD = gnu99;
				GCC_NO_COMMON_BLOCKS = YES;
				GCC_WARN_64_TO_32_BIT_CONVERSION = YES;
				GCC_WARN_ABOUT_RETURN_TYPE = YES_ERROR;
				GCC_WARN_UNDECLARED_SELECTOR = YES;
				GCC_WARN_UNINITIALIZED_AUTOS = YES_AGGRESSIVE;
				GCC_WARN_UNUSED_FUNCTION = YES;
				GCC_WARN_UNUSED_VARIABLE = YES;
				IPHONEOS_DEPLOYMENT_TARGET = 9.0;
				MTL_ENABLE_DEBUG_INFO = NO;
				SDKROOT = iphoneos;
				SWIFT_OPTIMIZATION_LEVEL = "-Owholemodule";
				VALIDATE_PRODUCT = YES;
			};
			name = Release;
		};
		449789D41D6DD33200A607A9 /* Debug */ = {
			isa = XCBuildConfiguration;
			buildSettings = {
				ASSETCATALOG_COMPILER_APPICON_NAME = AppIcon;
				DEVELOPMENT_TEAM = W3MH7MTTSB;
				INFOPLIST_FILE = TabBar/Info.plist;
				LD_RUNPATH_SEARCH_PATHS = "$(inherited) @executable_path/Frameworks";
				PRODUCT_BUNDLE_IDENTIFIER = com.rockgarden.TabBar;
				PRODUCT_NAME = "$(TARGET_NAME)";
				SWIFT_VERSION = 3.0;
			};
			name = Debug;
		};
		449789D51D6DD33200A607A9 /* Release */ = {
			isa = XCBuildConfiguration;
			buildSettings = {
				ASSETCATALOG_COMPILER_APPICON_NAME = AppIcon;
				DEVELOPMENT_TEAM = W3MH7MTTSB;
				INFOPLIST_FILE = TabBar/Info.plist;
				LD_RUNPATH_SEARCH_PATHS = "$(inherited) @executable_path/Frameworks";
				PRODUCT_BUNDLE_IDENTIFIER = com.rockgarden.TabBar;
				PRODUCT_NAME = "$(TARGET_NAME)";
				SWIFT_VERSION = 3.0;
			};
			name = Release;
		};
/* End XCBuildConfiguration section */

/* Begin XCConfigurationList section */
		449789BC1D6DD33200A607A9 /* Build configuration list for PBXProject "TabBar" */ = {
			isa = XCConfigurationList;
			buildConfigurations = (
				449789D11D6DD33200A607A9 /* Debug */,
				449789D21D6DD33200A607A9 /* Release */,
			);
			defaultConfigurationIsVisible = 0;
			defaultConfigurationName = Release;
		};
		449789D31D6DD33200A607A9 /* Build configuration list for PBXNativeTarget "TabBar" */ = {
			isa = XCConfigurationList;
			buildConfigurations = (
				449789D41D6DD33200A607A9 /* Debug */,
				449789D51D6DD33200A607A9 /* Release */,
			);
			defaultConfigurationIsVisible = 0;
			defaultConfigurationName = Release;
		};
/* End XCConfigurationList section */
	};
	rootObject = 449789B91D6DD33200A607A9 /* Project object */;
}
