// !$*UTF8*$!
{
	archiveVersion = 1;
	classes = {
	};
	objectVersion = 46;
	objects = {

/* Begin PBXBuildFile section */
		442849A71D8837D50044DCF5 /* AppDelegate.swift in Sources */ = {isa = PBXBuildFile; fileRef = 442849A61D8837D50044DCF5 /* AppDelegate.swift */; };
		442849A91D8837D50044DCF5 /* TextViewVC.swift in Sources */ = {isa = PBXBuildFile; fileRef = 442849A81D8837D50044DCF5 /* TextViewVC.swift */; };
		442849AC1D8837D50044DCF5 /* Main.storyboard in Resources */ = {isa = PBXBuildFile; fileRef = 442849AA1D8837D50044DCF5 /* Main.storyboard */; };
		442849AE1D8837D50044DCF5 /* Assets.xcassets in Resources */ = {isa = PBXBuildFile; fileRef = 442849AD1D8837D50044DCF5 /* Assets.xcassets */; };
		442849B11D8837D50044DCF5 /* LaunchScreen.storyboard in Resources */ = {isa = PBXBuildFile; fileRef = 442849AF1D8837D50044DCF5 /* LaunchScreen.storyboard */; };
		442849BA1D8839A60044DCF5 /* peppers.jpg in Resources */ = {isa = PBXBuildFile; fileRef = 442849B81D8839A60044DCF5 /* peppers.jpg */; };
		442849BB1D8839A60044DCF5 /* onion.jpg in Resources */ = {isa = PBXBuildFile; fileRef = 442849B91D8839A60044DCF5 /* onion.jpg */; };
		444150091E2909D000760959 /* KeyboardAccessoryVC.swift in Sources */ = {isa = PBXBuildFile; fileRef = 444150081E2909D000760959 /* KeyboardAccessoryVC.swift */; };
		4441500B1E290E1600760959 /* AccessoryView.xib in Resources */ = {isa = PBXBuildFile; fileRef = 4441500A1E290E1600760959 /* AccessoryView.xib */; };
		4441500D1E2910AA00760959 /* TextFieldSlidingVC.swift in Sources */ = {isa = PBXBuildFile; fileRef = 4441500C1E2910AA00760959 /* TextFieldSlidingVC.swift */; };
		446B0D701E20CB280012140C /* StyledTextVC.swift in Sources */ = {isa = PBXBuildFile; fileRef = 446B0D6F1E20CB280012140C /* StyledTextVC.swift */; };
		446B0D721E20D0EA0012140C /* states.txt in Resources */ = {isa = PBXBuildFile; fileRef = 446B0D711E20D0EA0012140C /* states.txt */; };
		446B0D741E20DC8D0012140C /* MyLayoutManager.swift in Sources */ = {isa = PBXBuildFile; fileRef = 446B0D731E20DC8D0012140C /* MyLayoutManager.swift */; };
		446B0D761E210FB60012140C /* brillig.txt in Resources */ = {isa = PBXBuildFile; fileRef = 446B0D751E210FB60012140C /* brillig.txt */; };
		446B0D781E2111BE0012140C /* TextKitStacksVC.swift in Sources */ = {isa = PBXBuildFile; fileRef = 446B0D771E2111BE0012140C /* TextKitStacksVC.swift */; };
		4474E0631E2262640013290C /* ExclusionPathVC.swift in Sources */ = {isa = PBXBuildFile; fileRef = 4474E0621E2262640013290C /* ExclusionPathVC.swift */; };
		4474E0651E2272060013290C /* MyTextContainer.swift in Sources */ = {isa = PBXBuildFile; fileRef = 4474E0641E2272060013290C /* MyTextContainer.swift */; };
		4474E0691E23B73C0013290C /* SelfSizingTextViewVC.swift in Sources */ = {isa = PBXBuildFile; fileRef = 4474E0681E23B73C0013290C /* SelfSizingTextViewVC.swift */; };
		44D348961E24643000F953D7 /* MyTextField.swift in Sources */ = {isa = PBXBuildFile; fileRef = 44D348951E24643000F953D7 /* MyTextField.swift */; };
		44D348981E24643B00F953D7 /* abbreviations.txt in Resources */ = {isa = PBXBuildFile; fileRef = 44D348971E24643B00F953D7 /* abbreviations.txt */; };
		44D3489A1E24649000F953D7 /* TextFieldVC.swift in Sources */ = {isa = PBXBuildFile; fileRef = 44D348991E24649000F953D7 /* TextFieldVC.swift */; };
		C2D2E6D51EB320AC00200CEB /* KeyboardAvoiding.swift in Sources */ = {isa = PBXBuildFile; fileRef = C2D2E6D31EB320AC00200CEB /* KeyboardAvoiding.swift */; };
		C2D2E6D61EB320AC00200CEB /* KeyboardDismissingView.swift in Sources */ = {isa = PBXBuildFile; fileRef = C2D2E6D41EB320AC00200CEB /* KeyboardDismissingView.swift */; };
		C2D2E6D81EB3218300200CEB /* KeyboardAvoidingVC.swift in Sources */ = {isa = PBXBuildFile; fileRef = C2D2E6D71EB3218300200CEB /* KeyboardAvoidingVC.swift */; };
		C2D2E6DA1EB327EC00200CEB /* KeyboardMan.swift in Sources */ = {isa = PBXBuildFile; fileRef = C2D2E6D91EB327EC00200CEB /* KeyboardMan.swift */; };
		C2D2E6DC1EB3282600200CEB /* MessageVC.swift in Sources */ = {isa = PBXBuildFile; fileRef = C2D2E6DB1EB3282600200CEB /* MessageVC.swift */; };
/* End PBXBuildFile section */

/* Begin PBXFileReference section */
		442849A31D8837D50044DCF5 /* TextView.app */ = {isa = PBXFileReference; explicitFileType = wrapper.application; includeInIndex = 0; path = TextView.app; sourceTree = BUILT_PRODUCTS_DIR; };
		442849A61D8837D50044DCF5 /* AppDelegate.swift */ = {isa = PBXFileReference; lastKnownFileType = sourcecode.swift; path = AppDelegate.swift; sourceTree = "<group>"; };
		442849A81D8837D50044DCF5 /* TextViewVC.swift */ = {isa = PBXFileReference; lastKnownFileType = sourcecode.swift; path = TextViewVC.swift; sourceTree = "<group>"; };
		442849AB1D8837D50044DCF5 /* Base */ = {isa = PBXFileReference; lastKnownFileType = file.storyboard; name = Base; path = Base.lproj/Main.storyboard; sourceTree = "<group>"; };
		442849AD1D8837D50044DCF5 /* Assets.xcassets */ = {isa = PBXFileReference; lastKnownFileType = folder.assetcatalog; path = Assets.xcassets; sourceTree = "<group>"; };
		442849B01D8837D50044DCF5 /* Base */ = {isa = PBXFileReference; lastKnownFileType = file.storyboard; name = Base; path = Base.lproj/LaunchScreen.storyboard; sourceTree = "<group>"; };
		442849B21D8837D50044DCF5 /* Info.plist */ = {isa = PBXFileReference; lastKnownFileType = text.plist.xml; path = Info.plist; sourceTree = "<group>"; };
		442849B81D8839A60044DCF5 /* peppers.jpg */ = {isa = PBXFileReference; lastKnownFileType = image.jpeg; path = peppers.jpg; sourceTree = "<group>"; };
		442849B91D8839A60044DCF5 /* onion.jpg */ = {isa = PBXFileReference; lastKnownFileType = image.jpeg; path = onion.jpg; sourceTree = "<group>"; };
		444150081E2909D000760959 /* KeyboardAccessoryVC.swift */ = {isa = PBXFileReference; fileEncoding = 4; lastKnownFileType = sourcecode.swift; path = KeyboardAccessoryVC.swift; sourceTree = "<group>"; };
		4441500A1E290E1600760959 /* AccessoryView.xib */ = {isa = PBXFileReference; fileEncoding = 4; lastKnownFileType = file.xib; path = AccessoryView.xib; sourceTree = "<group>"; };
		4441500C1E2910AA00760959 /* TextFieldSlidingVC.swift */ = {isa = PBXFileReference; fileEncoding = 4; lastKnownFileType = sourcecode.swift; path = TextFieldSlidingVC.swift; sourceTree = "<group>"; };
		446B0D6F1E20CB280012140C /* StyledTextVC.swift */ = {isa = PBXFileReference; fileEncoding = 4; lastKnownFileType = sourcecode.swift; path = StyledTextVC.swift; sourceTree = "<group>"; };
		446B0D711E20D0EA0012140C /* states.txt */ = {isa = PBXFileReference; fileEncoding = 4; lastKnownFileType = text; path = states.txt; sourceTree = "<group>"; };
		446B0D731E20DC8D0012140C /* MyLayoutManager.swift */ = {isa = PBXFileReference; fileEncoding = 4; lastKnownFileType = sourcecode.swift; path = MyLayoutManager.swift; sourceTree = "<group>"; };
		446B0D751E210FB60012140C /* brillig.txt */ = {isa = PBXFileReference; fileEncoding = 4; lastKnownFileType = text; path = brillig.txt; sourceTree = "<group>"; };
		446B0D771E2111BE0012140C /* TextKitStacksVC.swift */ = {isa = PBXFileReference; fileEncoding = 4; lastKnownFileType = sourcecode.swift; path = TextKitStacksVC.swift; sourceTree = "<group>"; };
		4474E0621E2262640013290C /* ExclusionPathVC.swift */ = {isa = PBXFileReference; fileEncoding = 4; lastKnownFileType = sourcecode.swift; path = ExclusionPathVC.swift; sourceTree = "<group>"; };
		4474E0641E2272060013290C /* MyTextContainer.swift */ = {isa = PBXFileReference; fileEncoding = 4; lastKnownFileType = sourcecode.swift; path = MyTextContainer.swift; sourceTree = "<group>"; };
		4474E0681E23B73C0013290C /* SelfSizingTextViewVC.swift */ = {isa = PBXFileReference; fileEncoding = 4; lastKnownFileType = sourcecode.swift; path = SelfSizingTextViewVC.swift; sourceTree = "<group>"; };
		44D348951E24643000F953D7 /* MyTextField.swift */ = {isa = PBXFileReference; fileEncoding = 4; lastKnownFileType = sourcecode.swift; path = MyTextField.swift; sourceTree = "<group>"; };
		44D348971E24643B00F953D7 /* abbreviations.txt */ = {isa = PBXFileReference; fileEncoding = 4; lastKnownFileType = text; path = abbreviations.txt; sourceTree = "<group>"; };
		44D348991E24649000F953D7 /* TextFieldVC.swift */ = {isa = PBXFileReference; fileEncoding = 4; lastKnownFileType = sourcecode.swift; path = TextFieldVC.swift; sourceTree = "<group>"; };
		C2D2E6D31EB320AC00200CEB /* KeyboardAvoiding.swift */ = {isa = PBXFileReference; fileEncoding = 4; lastKnownFileType = sourcecode.swift; path = KeyboardAvoiding.swift; sourceTree = "<group>"; };
		C2D2E6D41EB320AC00200CEB /* KeyboardDismissingView.swift */ = {isa = PBXFileReference; fileEncoding = 4; lastKnownFileType = sourcecode.swift; path = KeyboardDismissingView.swift; sourceTree = "<group>"; };
		C2D2E6D71EB3218300200CEB /* KeyboardAvoidingVC.swift */ = {isa = PBXFileReference; fileEncoding = 4; lastKnownFileType = sourcecode.swift; path = KeyboardAvoidingVC.swift; sourceTree = "<group>"; };
		C2D2E6D91EB327EC00200CEB /* KeyboardMan.swift */ = {isa = PBXFileReference; fileEncoding = 4; lastKnownFileType = sourcecode.swift; path = KeyboardMan.swift; sourceTree = "<group>"; };
		C2D2E6DB1EB3282600200CEB /* MessageVC.swift */ = {isa = PBXFileReference; fileEncoding = 4; lastKnownFileType = sourcecode.swift; path = MessageVC.swift; sourceTree = "<group>"; };
/* End PBXFileReference section */

/* Begin PBXFrameworksBuildPhase section */
		442849A01D8837D50044DCF5 /* Frameworks */ = {
			isa = PBXFrameworksBuildPhase;
			buildActionMask = 2147483647;
			files = (
			);
			runOnlyForDeploymentPostprocessing = 0;
		};
/* End PBXFrameworksBuildPhase section */

/* Begin PBXGroup section */
		4428499A1D8837D50044DCF5 = {
			isa = PBXGroup;
			children = (
				C2D2E6D21EB320AC00200CEB /* KeyboardAvoiding */,
				442849A51D8837D50044DCF5 /* TextView */,
				442849A41D8837D50044DCF5 /* Products */,
			);
			sourceTree = "<group>";
		};
		442849A41D8837D50044DCF5 /* Products */ = {
			isa = PBXGroup;
			children = (
				442849A31D8837D50044DCF5 /* TextView.app */,
			);
			name = Products;
			sourceTree = "<group>";
		};
		442849A51D8837D50044DCF5 /* TextView */ = {
			isa = PBXGroup;
			children = (
				442849A61D8837D50044DCF5 /* AppDelegate.swift */,
				442849AA1D8837D50044DCF5 /* Main.storyboard */,
				442849A81D8837D50044DCF5 /* TextViewVC.swift */,
				4474E0621E2262640013290C /* ExclusionPathVC.swift */,
				446B0D771E2111BE0012140C /* TextKitStacksVC.swift */,
				446B0D6F1E20CB280012140C /* StyledTextVC.swift */,
				446B0D731E20DC8D0012140C /* MyLayoutManager.swift */,
				4474E0641E2272060013290C /* MyTextContainer.swift */,
				4474E0681E23B73C0013290C /* SelfSizingTextViewVC.swift */,
				44D348991E24649000F953D7 /* TextFieldVC.swift */,
				44D348951E24643000F953D7 /* MyTextField.swift */,
				444150081E2909D000760959 /* KeyboardAccessoryVC.swift */,
				4441500C1E2910AA00760959 /* TextFieldSlidingVC.swift */,
				4441500A1E290E1600760959 /* AccessoryView.xib */,
				442849AD1D8837D50044DCF5 /* Assets.xcassets */,
				446B0D711E20D0EA0012140C /* states.txt */,
				44D348971E24643B00F953D7 /* abbreviations.txt */,
				442849B81D8839A60044DCF5 /* peppers.jpg */,
				446B0D751E210FB60012140C /* brillig.txt */,
				442849B91D8839A60044DCF5 /* onion.jpg */,
				442849AF1D8837D50044DCF5 /* LaunchScreen.storyboard */,
				442849B21D8837D50044DCF5 /* Info.plist */,
				C2D2E6D71EB3218300200CEB /* KeyboardAvoidingVC.swift */,
				C2D2E6DB1EB3282600200CEB /* MessageVC.swift */,
			);
			path = TextView;
			sourceTree = "<group>";
		};
		C2D2E6D21EB320AC00200CEB /* KeyboardAvoiding */ = {
			isa = PBXGroup;
			children = (
				C2D2E6D91EB327EC00200CEB /* KeyboardMan.swift */,
				C2D2E6D31EB320AC00200CEB /* KeyboardAvoiding.swift */,
				C2D2E6D41EB320AC00200CEB /* KeyboardDismissingView.swift */,
			);
			path = KeyboardAvoiding;
			sourceTree = "<group>";
		};
/* End PBXGroup section */

/* Begin PBXNativeTarget section */
		442849A21D8837D50044DCF5 /* TextView */ = {
			isa = PBXNativeTarget;
			buildConfigurationList = 442849B51D8837D50044DCF5 /* Build configuration list for PBXNativeTarget "TextView" */;
			buildPhases = (
				4428499F1D8837D50044DCF5 /* Sources */,
				442849A01D8837D50044DCF5 /* Frameworks */,
				442849A11D8837D50044DCF5 /* Resources */,
			);
			buildRules = (
			);
			dependencies = (
			);
			name = TextView;
			productName = TextView;
			productReference = 442849A31D8837D50044DCF5 /* TextView.app */;
			productType = "com.apple.product-type.application";
		};
/* End PBXNativeTarget section */

/* Begin PBXProject section */
		4428499B1D8837D50044DCF5 /* Project object */ = {
			isa = PBXProject;
			attributes = {
				LastSwiftUpdateCheck = 0730;
				LastUpgradeCheck = 0800;
				ORGANIZATIONNAME = rockgarden;
				TargetAttributes = {
					442849A21D8837D50044DCF5 = {
						CreatedOnToolsVersion = 7.3.1;
						DevelopmentTeam = W3MH7MTTSB;
						LastSwiftMigration = 0800;
					};
				};
			};
			buildConfigurationList = 4428499E1D8837D50044DCF5 /* Build configuration list for PBXProject "TextView" */;
			compatibilityVersion = "Xcode 3.2";
			developmentRegion = English;
			hasScannedForEncodings = 0;
			knownRegions = (
				en,
				Base,
			);
			mainGroup = 4428499A1D8837D50044DCF5;
			productRefGroup = 442849A41D8837D50044DCF5 /* Products */;
			projectDirPath = "";
			projectRoot = "";
			targets = (
				442849A21D8837D50044DCF5 /* TextView */,
			);
		};
/* End PBXProject section */

/* Begin PBXResourcesBuildPhase section */
		442849A11D8837D50044DCF5 /* Resources */ = {
			isa = PBXResourcesBuildPhase;
			buildActionMask = 2147483647;
			files = (
				44D348981E24643B00F953D7 /* abbreviations.txt in Resources */,
				446B0D721E20D0EA0012140C /* states.txt in Resources */,
				442849B11D8837D50044DCF5 /* LaunchScreen.storyboard in Resources */,
				442849BA1D8839A60044DCF5 /* peppers.jpg in Resources */,
				442849BB1D8839A60044DCF5 /* onion.jpg in Resources */,
				446B0D761E210FB60012140C /* brillig.txt in Resources */,
				4441500B1E290E1600760959 /* AccessoryView.xib in Resources */,
				442849AE1D8837D50044DCF5 /* Assets.xcassets in Resources */,
				442849AC1D8837D50044DCF5 /* Main.storyboard in Resources */,
			);
			runOnlyForDeploymentPostprocessing = 0;
		};
/* End PBXResourcesBuildPhase section */

/* Begin PBXSourcesBuildPhase section */
		4428499F1D8837D50044DCF5 /* Sources */ = {
			isa = PBXSourcesBuildPhase;
			buildActionMask = 2147483647;
			files = (
				C2D2E6D81EB3218300200CEB /* KeyboardAvoidingVC.swift in Sources */,
				446B0D701E20CB280012140C /* StyledTextVC.swift in Sources */,
				4474E0651E2272060013290C /* MyTextContainer.swift in Sources */,
				44D3489A1E24649000F953D7 /* TextFieldVC.swift in Sources */,
				442849A91D8837D50044DCF5 /* TextViewVC.swift in Sources */,
				44D348961E24643000F953D7 /* MyTextField.swift in Sources */,
				444150091E2909D000760959 /* KeyboardAccessoryVC.swift in Sources */,
				C2D2E6D51EB320AC00200CEB /* KeyboardAvoiding.swift in Sources */,
				C2D2E6D61EB320AC00200CEB /* KeyboardDismissingView.swift in Sources */,
				C2D2E6DC1EB3282600200CEB /* MessageVC.swift in Sources */,
				C2D2E6DA1EB327EC00200CEB /* KeyboardMan.swift in Sources */,
				4474E0631E2262640013290C /* ExclusionPathVC.swift in Sources */,
				4441500D1E2910AA00760959 /* TextFieldSlidingVC.swift in Sources */,
				4474E0691E23B73C0013290C /* SelfSizingTextViewVC.swift in Sources */,
				446B0D781E2111BE0012140C /* TextKitStacksVC.swift in Sources */,
				442849A71D8837D50044DCF5 /* AppDelegate.swift in Sources */,
				446B0D741E20DC8D0012140C /* MyLayoutManager.swift in Sources */,
			);
			runOnlyForDeploymentPostprocessing = 0;
		};
/* End PBXSourcesBuildPhase section */

/* Begin PBXVariantGroup section */
		442849AA1D8837D50044DCF5 /* Main.storyboard */ = {
			isa = PBXVariantGroup;
			children = (
				442849AB1D8837D50044DCF5 /* Base */,
			);
			name = Main.storyboard;
			sourceTree = "<group>";
		};
		442849AF1D8837D50044DCF5 /* LaunchScreen.storyboard */ = {
			isa = PBXVariantGroup;
			children = (
				442849B01D8837D50044DCF5 /* Base */,
			);
			name = LaunchScreen.storyboard;
			sourceTree = "<group>";
		};
/* End PBXVariantGroup section */

/* Begin XCBuildConfiguration section */
		442849B31D8837D50044DCF5 /* Debug */ = {
			isa = XCBuildConfiguration;
			buildSettings = {
				ALWAYS_SEARCH_USER_PATHS = NO;
				CLANG_ANALYZER_NONNULL = YES;
				CLANG_CXX_LANGUAGE_STANDARD = "gnu++0x";
				CLANG_CXX_LIBRARY = "libc++";
				CLANG_ENABLE_MODULES = YES;
				CLANG_ENABLE_OBJC_ARC = YES;
				CLANG_WARN_BOOL_CONVERSION = YES;
				CLANG_WARN_CONSTANT_CONVERSION = YES;
				CLANG_WARN_DIRECT_OBJC_ISA_USAGE = YES_ERROR;
				CLANG_WARN_EMPTY_BODY = YES;
				CLANG_WARN_ENUM_CONVERSION = YES;
				CLANG_WARN_INFINITE_RECURSION = YES;
				CLANG_WARN_INT_CONVERSION = YES;
				CLANG_WARN_OBJC_ROOT_CLASS = YES_ERROR;
				CLANG_WARN_SUSPICIOUS_MOVE = YES;
				CLANG_WARN_UNREACHABLE_CODE = YES;
				CLANG_WARN__DUPLICATE_METHOD_MATCH = YES;
				"CODE_SIGN_IDENTITY[sdk=iphoneos*]" = "iPhone Developer";
				COPY_PHASE_STRIP = NO;
				DEBUG_INFORMATION_FORMAT = dwarf;
				ENABLE_STRICT_OBJC_MSGSEND = YES;
				ENABLE_TESTABILITY = YES;
				GCC_C_LANGUAGE_STANDARD = gnu99;
				GCC_DYNAMIC_NO_PIC = NO;
				GCC_NO_COMMON_BLOCKS = YES;
				GCC_OPTIMIZATION_LEVEL = 0;
				GCC_PREPROCESSOR_DEFINITIONS = (
					"DEBUG=1",
					"$(inherited)",
				);
				GCC_WARN_64_TO_32_BIT_CONVERSION = YES;
				GCC_WARN_ABOUT_RETURN_TYPE = YES_ERROR;
				GCC_WARN_UNDECLARED_SELECTOR = YES;
				GCC_WARN_UNINITIALIZED_AUTOS = YES_AGGRESSIVE;
				GCC_WARN_UNUSED_FUNCTION = YES;
				GCC_WARN_UNUSED_VARIABLE = YES;
				IPHONEOS_DEPLOYMENT_TARGET = 9.0;
				MTL_ENABLE_DEBUG_INFO = YES;
				ONLY_ACTIVE_ARCH = YES;
				SDKROOT = iphoneos;
				SWIFT_OPTIMIZATION_LEVEL = "-Onone";
			};
			name = Debug;
		};
		442849B41D8837D50044DCF5 /* Release */ = {
			isa = XCBuildConfiguration;
			buildSettings = {
				ALWAYS_SEARCH_USER_PATHS = NO;
				CLANG_ANALYZER_NONNULL = YES;
				CLANG_CXX_LANGUAGE_STANDARD = "gnu++0x";
				CLANG_CXX_LIBRARY = "libc++";
				CLANG_ENABLE_MODULES = YES;
				CLANG_ENABLE_OBJC_ARC = YES;
				CLANG_WARN_BOOL_CONVERSION = YES;
				CLANG_WARN_CONSTANT_CONVERSION = YES;
				CLANG_WARN_DIRECT_OBJC_ISA_USAGE = YES_ERROR;
				CLANG_WARN_EMPTY_BODY = YES;
				CLANG_WARN_ENUM_CONVERSION = YES;
				CLANG_WARN_INFINITE_RECURSION = YES;
				CLANG_WARN_INT_CONVERSION = YES;
				CLANG_WARN_OBJC_ROOT_CLASS = YES_ERROR;
				CLANG_WARN_SUSPICIOUS_MOVE = YES;
				CLANG_WARN_UNREACHABLE_CODE = YES;
				CLANG_WARN__DUPLICATE_METHOD_MATCH = YES;
				"CODE_SIGN_IDENTITY[sdk=iphoneos*]" = "iPhone Developer";
				COPY_PHASE_STRIP = NO;
				DEBUG_INFORMATION_FORMAT = "dwarf-with-dsym";
				ENABLE_NS_ASSERTIONS = NO;
				ENABLE_STRICT_OBJC_MSGSEND = YES;
				GCC_C_LANGUAGE_STANDARD = gnu99;
				GCC_NO_COMMON_BLOCKS = YES;
				GCC_WARN_64_TO_32_BIT_CONVERSION = YES;
				GCC_WARN_ABOUT_RETURN_TYPE = YES_ERROR;
				GCC_WARN_UNDECLARED_SELECTOR = YES;
				GCC_WARN_UNINITIALIZED_AUTOS = YES_AGGRESSIVE;
				GCC_WARN_UNUSED_FUNCTION = YES;
				GCC_WARN_UNUSED_VARIABLE = YES;
				IPHONEOS_DEPLOYMENT_TARGET = 9.0;
				MTL_ENABLE_DEBUG_INFO = NO;
				SDKROOT = iphoneos;
				SWIFT_OPTIMIZATION_LEVEL = "-Owholemodule";
				VALIDATE_PRODUCT = YES;
			};
			name = Release;
		};
		442849B61D8837D50044DCF5 /* Debug */ = {
			isa = XCBuildConfiguration;
			buildSettings = {
				ASSETCATALOG_COMPILER_APPICON_NAME = AppIcon;
				DEVELOPMENT_TEAM = W3MH7MTTSB;
				INFOPLIST_FILE = TextView/Info.plist;
				LD_RUNPATH_SEARCH_PATHS = "$(inherited) @executable_path/Frameworks";
				PRODUCT_BUNDLE_IDENTIFIER = com.rockgarden.TextView;
				PRODUCT_NAME = "$(TARGET_NAME)";
				SWIFT_VERSION = 3.0;
				TARGETED_DEVICE_FAMILY = "1,2";
			};
			name = Debug;
		};
		442849B71D8837D50044DCF5 /* Release */ = {
			isa = XCBuildConfiguration;
			buildSettings = {
				ASSETCATALOG_COMPILER_APPICON_NAME = AppIcon;
				DEVELOPMENT_TEAM = W3MH7MTTSB;
				INFOPLIST_FILE = TextView/Info.plist;
				LD_RUNPATH_SEARCH_PATHS = "$(inherited) @executable_path/Frameworks";
				PRODUCT_BUNDLE_IDENTIFIER = com.rockgarden.TextView;
				PRODUCT_NAME = "$(TARGET_NAME)";
				SWIFT_VERSION = 3.0;
				TARGETED_DEVICE_FAMILY = "1,2";
			};
			name = Release;
		};
/* End XCBuildConfiguration section */

/* Begin XCConfigurationList section */
		4428499E1D8837D50044DCF5 /* Build configuration list for PBXProject "TextView" */ = {
			isa = XCConfigurationList;
			buildConfigurations = (
				442849B31D8837D50044DCF5 /* Debug */,
				442849B41D8837D50044DCF5 /* Release */,
			);
			defaultConfigurationIsVisible = 0;
			defaultConfigurationName = Release;
		};
		442849B51D8837D50044DCF5 /* Build configuration list for PBXNativeTarget "TextView" */ = {
			isa = XCConfigurationList;
			buildConfigurations = (
				442849B61D8837D50044DCF5 /* Debug */,
				442849B71D8837D50044DCF5 /* Release */,
			);
			defaultConfigurationIsVisible = 0;
			defaultConfigurationName = Release;
		};
/* End XCConfigurationList section */
	};
	rootObject = 4428499B1D8837D50044DCF5 /* Project object */;
}
