// !$*UTF8*$!
{
	archiveVersion = 1;
	classes = {
	};
	objectVersion = 46;
	objects = {

/* Begin PBXBuildFile section */
		448F1A101DE71A040076F6F8 /* colson.jpg in Resources */ = {isa = PBXBuildFile; fileRef = 448F1A0F1DE71A040076F6F8 /* colson.jpg */; };
		448F1A121DE71B020076F6F8 /* ImageIOVC.swift in Sources */ = {isa = PBXBuildFile; fileRef = 448F1A111DE71B020076F6F8 /* ImageIOVC.swift */; };
		449116DA1DE4753E00430E31 /* AppDelegate.swift in Sources */ = {isa = PBXBuildFile; fileRef = 449116D91DE4753E00430E31 /* AppDelegate.swift */; };
		449116DC1DE4753E00430E31 /* ViewController.swift in Sources */ = {isa = PBXBuildFile; fileRef = 449116DB1DE4753E00430E31 /* ViewController.swift */; };
		449116DF1DE4753E00430E31 /* Main.storyboard in Resources */ = {isa = PBXBuildFile; fileRef = 449116DD1DE4753E00430E31 /* Main.storyboard */; };
		449116E11DE4753E00430E31 /* Assets.xcassets in Resources */ = {isa = PBXBuildFile; fileRef = 449116E01DE4753E00430E31 /* Assets.xcassets */; };
		449116E41DE4753E00430E31 /* LaunchScreen.storyboard in Resources */ = {isa = PBXBuildFile; fileRef = 449116E21DE4753E00430E31 /* LaunchScreen.storyboard */; };
		449116EC1DE4757400430E31 /* FileManagerVC.swift in Sources */ = {isa = PBXBuildFile; fileRef = 449116EB1DE4757400430E31 /* FileManagerVC.swift */; };
		449116EE1DE477FF00430E31 /* Person.swift in Sources */ = {isa = PBXBuildFile; fileRef = 449116ED1DE477FF00430E31 /* Person.swift */; };
		449116F21DE490E000430E31 /* FileHandoffVC.swift in Sources */ = {isa = PBXBuildFile; fileRef = 449116F11DE490E000430E31 /* FileHandoffVC.swift */; };
		449116F81DE49D0A00430E31 /* File Models.swift in Sources */ = {isa = PBXBuildFile; fileRef = 449116F41DE49D0A00430E31 /* File Models.swift */; };
		449116F91DE49D0A00430E31 /* FileManager.swift in Sources */ = {isa = PBXBuildFile; fileRef = 449116F51DE49D0A00430E31 /* FileManager.swift */; };
		449116FA1DE49D0A00430E31 /* Info.plist in Resources */ = {isa = PBXBuildFile; fileRef = 449116F61DE49D0A00430E31 /* Info.plist */; };
		449116FC1DE49D1700430E31 /* README.md in Sources */ = {isa = PBXBuildFile; fileRef = 449116FB1DE49D1700430E31 /* README.md */; };
		C29499BC1DE564BE0035CD62 /* DocumentLister.swift in Sources */ = {isa = PBXBuildFile; fileRef = C29499B71DE564BE0035CD62 /* DocumentLister.swift */; };
		C29499BD1DE564BE0035CD62 /* PeopleDocument.swift in Sources */ = {isa = PBXBuildFile; fileRef = C29499B81DE564BE0035CD62 /* PeopleDocument.swift */; };
		C29499BE1DE564BE0035CD62 /* PeopleLister.swift in Sources */ = {isa = PBXBuildFile; fileRef = C29499B91DE564BE0035CD62 /* PeopleLister.swift */; };
		C29499BF1DE564BE0035CD62 /* PeopleLister.xib in Resources */ = {isa = PBXBuildFile; fileRef = C29499BA1DE564BE0035CD62 /* PeopleLister.xib */; };
		C29499C01DE564BE0035CD62 /* PersonCell.xib in Resources */ = {isa = PBXBuildFile; fileRef = C29499BB1DE564BE0035CD62 /* PersonCell.xib */; };
		C29499C21DE584140035CD62 /* ParseXmlVC.swift in Sources */ = {isa = PBXBuildFile; fileRef = C29499C11DE584140035CD62 /* ParseXmlVC.swift */; };
		C29499C71DE585470035CD62 /* folks.xml in Resources */ = {isa = PBXBuildFile; fileRef = C29499C31DE585470035CD62 /* folks.xml */; };
		C29499C81DE585470035CD62 /* MyPeopleParser.swift in Sources */ = {isa = PBXBuildFile; fileRef = C29499C41DE585470035CD62 /* MyPeopleParser.swift */; };
		C29499C91DE585470035CD62 /* MyPersonParser.swift in Sources */ = {isa = PBXBuildFile; fileRef = C29499C51DE585470035CD62 /* MyPersonParser.swift */; };
		C29499CA1DE585470035CD62 /* MyXMLParserDelegate.swift in Sources */ = {isa = PBXBuildFile; fileRef = C29499C61DE585470035CD62 /* MyXMLParserDelegate.swift */; };
/* End PBXBuildFile section */

/* Begin PBXFileReference section */
		448F1A0F1DE71A040076F6F8 /* colson.jpg */ = {isa = PBXFileReference; lastKnownFileType = image.jpeg; path = colson.jpg; sourceTree = "<group>"; };
		448F1A111DE71B020076F6F8 /* ImageIOVC.swift */ = {isa = PBXFileReference; fileEncoding = 4; lastKnownFileType = sourcecode.swift; path = ImageIOVC.swift; sourceTree = "<group>"; };
		449116D61DE4753E00430E31 /* FileOperations.app */ = {isa = PBXFileReference; explicitFileType = wrapper.application; includeInIndex = 0; path = FileOperations.app; sourceTree = BUILT_PRODUCTS_DIR; };
		449116D91DE4753E00430E31 /* AppDelegate.swift */ = {isa = PBXFileReference; lastKnownFileType = sourcecode.swift; path = AppDelegate.swift; sourceTree = "<group>"; };
		449116DB1DE4753E00430E31 /* ViewController.swift */ = {isa = PBXFileReference; lastKnownFileType = sourcecode.swift; path = ViewController.swift; sourceTree = "<group>"; };
		449116DE1DE4753E00430E31 /* Base */ = {isa = PBXFileReference; lastKnownFileType = file.storyboard; name = Base; path = Base.lproj/Main.storyboard; sourceTree = "<group>"; };
		449116E01DE4753E00430E31 /* Assets.xcassets */ = {isa = PBXFileReference; lastKnownFileType = folder.assetcatalog; path = Assets.xcassets; sourceTree = "<group>"; };
		449116E31DE4753E00430E31 /* Base */ = {isa = PBXFileReference; lastKnownFileType = file.storyboard; name = Base; path = Base.lproj/LaunchScreen.storyboard; sourceTree = "<group>"; };
		449116E51DE4753E00430E31 /* Info.plist */ = {isa = PBXFileReference; lastKnownFileType = text.plist.xml; path = Info.plist; sourceTree = "<group>"; };
		449116EB1DE4757400430E31 /* FileManagerVC.swift */ = {isa = PBXFileReference; fileEncoding = 4; lastKnownFileType = sourcecode.swift; path = FileManagerVC.swift; sourceTree = "<group>"; };
		449116ED1DE477FF00430E31 /* Person.swift */ = {isa = PBXFileReference; fileEncoding = 4; lastKnownFileType = sourcecode.swift; path = Person.swift; sourceTree = "<group>"; };
		449116F11DE490E000430E31 /* FileHandoffVC.swift */ = {isa = PBXFileReference; fileEncoding = 4; lastKnownFileType = sourcecode.swift; path = FileHandoffVC.swift; sourceTree = "<group>"; };
		449116F41DE49D0A00430E31 /* File Models.swift */ = {isa = PBXFileReference; fileEncoding = 4; lastKnownFileType = sourcecode.swift; path = "File Models.swift"; sourceTree = "<group>"; };
		449116F51DE49D0A00430E31 /* FileManager.swift */ = {isa = PBXFileReference; fileEncoding = 4; lastKnownFileType = sourcecode.swift; path = FileManager.swift; sourceTree = "<group>"; };
		449116F61DE49D0A00430E31 /* Info.plist */ = {isa = PBXFileReference; fileEncoding = 4; lastKnownFileType = text.plist.xml; path = Info.plist; sourceTree = "<group>"; };
		449116F71DE49D0A00430E31 /* IWFileManager.h */ = {isa = PBXFileReference; fileEncoding = 4; lastKnownFileType = sourcecode.c.h; path = IWFileManager.h; sourceTree = "<group>"; };
		449116FB1DE49D1700430E31 /* README.md */ = {isa = PBXFileReference; fileEncoding = 4; lastKnownFileType = net.daringfireball.markdown; path = README.md; sourceTree = "<group>"; };
		C29499B71DE564BE0035CD62 /* DocumentLister.swift */ = {isa = PBXFileReference; fileEncoding = 4; lastKnownFileType = sourcecode.swift; path = DocumentLister.swift; sourceTree = "<group>"; };
		C29499B81DE564BE0035CD62 /* PeopleDocument.swift */ = {isa = PBXFileReference; fileEncoding = 4; lastKnownFileType = sourcecode.swift; path = PeopleDocument.swift; sourceTree = "<group>"; };
		C29499B91DE564BE0035CD62 /* PeopleLister.swift */ = {isa = PBXFileReference; fileEncoding = 4; lastKnownFileType = sourcecode.swift; path = PeopleLister.swift; sourceTree = "<group>"; };
		C29499BA1DE564BE0035CD62 /* PeopleLister.xib */ = {isa = PBXFileReference; fileEncoding = 4; lastKnownFileType = file.xib; path = PeopleLister.xib; sourceTree = "<group>"; };
		C29499BB1DE564BE0035CD62 /* PersonCell.xib */ = {isa = PBXFileReference; fileEncoding = 4; lastKnownFileType = file.xib; path = PersonCell.xib; sourceTree = "<group>"; };
		C29499C11DE584140035CD62 /* ParseXmlVC.swift */ = {isa = PBXFileReference; fileEncoding = 4; lastKnownFileType = sourcecode.swift; path = ParseXmlVC.swift; sourceTree = "<group>"; };
		C29499C31DE585470035CD62 /* folks.xml */ = {isa = PBXFileReference; fileEncoding = 4; lastKnownFileType = text.xml; path = folks.xml; sourceTree = "<group>"; };
		C29499C41DE585470035CD62 /* MyPeopleParser.swift */ = {isa = PBXFileReference; fileEncoding = 4; lastKnownFileType = sourcecode.swift; path = MyPeopleParser.swift; sourceTree = "<group>"; };
		C29499C51DE585470035CD62 /* MyPersonParser.swift */ = {isa = PBXFileReference; fileEncoding = 4; lastKnownFileType = sourcecode.swift; path = MyPersonParser.swift; sourceTree = "<group>"; };
		C29499C61DE585470035CD62 /* MyXMLParserDelegate.swift */ = {isa = PBXFileReference; fileEncoding = 4; lastKnownFileType = sourcecode.swift; path = MyXMLParserDelegate.swift; sourceTree = "<group>"; };
/* End PBXFileReference section */

/* Begin PBXFrameworksBuildPhase section */
		449116D31DE4753E00430E31 /* Frameworks */ = {
			isa = PBXFrameworksBuildPhase;
			buildActionMask = 2147483647;
			files = (
			);
			runOnlyForDeploymentPostprocessing = 0;
		};
/* End PBXFrameworksBuildPhase section */

/* Begin PBXGroup section */
		449116CD1DE4753E00430E31 = {
			isa = PBXGroup;
			children = (
				449116F31DE49D0A00430E31 /* IWFileManager */,
				449116D81DE4753E00430E31 /* FileOperations */,
				449116D71DE4753E00430E31 /* Products */,
			);
			sourceTree = "<group>";
		};
		449116D71DE4753E00430E31 /* Products */ = {
			isa = PBXGroup;
			children = (
				449116D61DE4753E00430E31 /* FileOperations.app */,
			);
			name = Products;
			sourceTree = "<group>";
		};
		449116D81DE4753E00430E31 /* FileOperations */ = {
			isa = PBXGroup;
			children = (
				449116D91DE4753E00430E31 /* AppDelegate.swift */,
				449116DB1DE4753E00430E31 /* ViewController.swift */,
				449116DD1DE4753E00430E31 /* Main.storyboard */,
				449116EB1DE4757400430E31 /* FileManagerVC.swift */,
				449116F11DE490E000430E31 /* FileHandoffVC.swift */,
				C29499B71DE564BE0035CD62 /* DocumentLister.swift */,
				C29499B91DE564BE0035CD62 /* PeopleLister.swift */,
				C29499BA1DE564BE0035CD62 /* PeopleLister.xib */,
				C29499BB1DE564BE0035CD62 /* PersonCell.xib */,
				C29499B81DE564BE0035CD62 /* PeopleDocument.swift */,
				C29499C11DE584140035CD62 /* ParseXmlVC.swift */,
				C29499C41DE585470035CD62 /* MyPeopleParser.swift */,
				C29499C51DE585470035CD62 /* MyPersonParser.swift */,
				C29499C61DE585470035CD62 /* MyXMLParserDelegate.swift */,
				449116ED1DE477FF00430E31 /* Person.swift */,
				448F1A111DE71B020076F6F8 /* ImageIOVC.swift */,
				449116E01DE4753E00430E31 /* Assets.xcassets */,
				C29499C31DE585470035CD62 /* folks.xml */,
				448F1A0F1DE71A040076F6F8 /* colson.jpg */,
				449116E21DE4753E00430E31 /* LaunchScreen.storyboard */,
				449116E51DE4753E00430E31 /* Info.plist */,
			);
			path = FileOperations;
			sourceTree = "<group>";
		};
		449116F31DE49D0A00430E31 /* IWFileManager */ = {
			isa = PBXGroup;
			children = (
				449116FB1DE49D1700430E31 /* README.md */,
				449116F41DE49D0A00430E31 /* File Models.swift */,
				449116F51DE49D0A00430E31 /* FileManager.swift */,
				449116F61DE49D0A00430E31 /* Info.plist */,
				449116F71DE49D0A00430E31 /* IWFileManager.h */,
			);
			path = IWFileManager;
			sourceTree = "<group>";
		};
/* End PBXGroup section */

/* Begin PBXNativeTarget section */
		449116D51DE4753E00430E31 /* FileOperations */ = {
			isa = PBXNativeTarget;
			buildConfigurationList = 449116E81DE4753E00430E31 /* Build configuration list for PBXNativeTarget "FileOperations" */;
			buildPhases = (
				449116D21DE4753E00430E31 /* Sources */,
				449116D31DE4753E00430E31 /* Frameworks */,
				449116D41DE4753E00430E31 /* Resources */,
			);
			buildRules = (
			);
			dependencies = (
			);
			name = FileOperations;
			productName = FileOperations;
			productReference = 449116D61DE4753E00430E31 /* FileOperations.app */;
			productType = "com.apple.product-type.application";
		};
/* End PBXNativeTarget section */

/* Begin PBXProject section */
		449116CE1DE4753E00430E31 /* Project object */ = {
			isa = PBXProject;
			attributes = {
				LastSwiftUpdateCheck = 0810;
				LastUpgradeCheck = 0810;
				ORGANIZATIONNAME = rockgarden;
				TargetAttributes = {
					449116D51DE4753E00430E31 = {
						CreatedOnToolsVersion = 8.1;
						DevelopmentTeam = W3MH7MTTSB;
						ProvisioningStyle = Automatic;
					};
				};
			};
			buildConfigurationList = 449116D11DE4753E00430E31 /* Build configuration list for PBXProject "FileOperations" */;
			compatibilityVersion = "Xcode 3.2";
			developmentRegion = English;
			hasScannedForEncodings = 0;
			knownRegions = (
				en,
				Base,
			);
			mainGroup = 449116CD1DE4753E00430E31;
			productRefGroup = 449116D71DE4753E00430E31 /* Products */;
			projectDirPath = "";
			projectRoot = "";
			targets = (
				449116D51DE4753E00430E31 /* FileOperations */,
			);
		};
/* End PBXProject section */

/* Begin PBXResourcesBuildPhase section */
		449116D41DE4753E00430E31 /* Resources */ = {
			isa = PBXResourcesBuildPhase;
			buildActionMask = 2147483647;
			files = (
				449116FA1DE49D0A00430E31 /* Info.plist in Resources */,
				449116E41DE4753E00430E31 /* LaunchScreen.storyboard in Resources */,
				C29499C01DE564BE0035CD62 /* PersonCell.xib in Resources */,
				C29499BF1DE564BE0035CD62 /* PeopleLister.xib in Resources */,
				449116E11DE4753E00430E31 /* Assets.xcassets in Resources */,
				449116DF1DE4753E00430E31 /* Main.storyboard in Resources */,
				C29499C71DE585470035CD62 /* folks.xml in Resources */,
				448F1A101DE71A040076F6F8 /* colson.jpg in Resources */,
			);
			runOnlyForDeploymentPostprocessing = 0;
		};
/* End PBXResourcesBuildPhase section */

/* Begin PBXSourcesBuildPhase section */
		449116D21DE4753E00430E31 /* Sources */ = {
			isa = PBXSourcesBuildPhase;
			buildActionMask = 2147483647;
			files = (
				C29499C21DE584140035CD62 /* ParseXmlVC.swift in Sources */,
				449116F81DE49D0A00430E31 /* File Models.swift in Sources */,
				C29499BD1DE564BE0035CD62 /* PeopleDocument.swift in Sources */,
				449116DC1DE4753E00430E31 /* ViewController.swift in Sources */,
				449116DA1DE4753E00430E31 /* AppDelegate.swift in Sources */,
				C29499C91DE585470035CD62 /* MyPersonParser.swift in Sources */,
				449116F91DE49D0A00430E31 /* FileManager.swift in Sources */,
				C29499CA1DE585470035CD62 /* MyXMLParserDelegate.swift in Sources */,
				C29499BE1DE564BE0035CD62 /* PeopleLister.swift in Sources */,
				449116EE1DE477FF00430E31 /* Person.swift in Sources */,
				C29499C81DE585470035CD62 /* MyPeopleParser.swift in Sources */,
				449116F21DE490E000430E31 /* FileHandoffVC.swift in Sources */,
				449116FC1DE49D1700430E31 /* README.md in Sources */,
				449116EC1DE4757400430E31 /* FileManagerVC.swift in Sources */,
				448F1A121DE71B020076F6F8 /* ImageIOVC.swift in Sources */,
				C29499BC1DE564BE0035CD62 /* DocumentLister.swift in Sources */,
			);
			runOnlyForDeploymentPostprocessing = 0;
		};
/* End PBXSourcesBuildPhase section */

/* Begin PBXVariantGroup section */
		449116DD1DE4753E00430E31 /* Main.storyboard */ = {
			isa = PBXVariantGroup;
			children = (
				449116DE1DE4753E00430E31 /* Base */,
			);
			name = Main.storyboard;
			sourceTree = "<group>";
		};
		449116E21DE4753E00430E31 /* LaunchScreen.storyboard */ = {
			isa = PBXVariantGroup;
			children = (
				449116E31DE4753E00430E31 /* Base */,
			);
			name = LaunchScreen.storyboard;
			sourceTree = "<group>";
		};
/* End PBXVariantGroup section */

/* Begin XCBuildConfiguration section */
		449116E61DE4753E00430E31 /* Debug */ = {
			isa = XCBuildConfiguration;
			buildSettings = {
				ALWAYS_SEARCH_USER_PATHS = NO;
				CLANG_ANALYZER_NONNULL = YES;
				CLANG_CXX_LANGUAGE_STANDARD = "gnu++0x";
				CLANG_CXX_LIBRARY = "libc++";
				CLANG_ENABLE_MODULES = YES;
				CLANG_ENABLE_OBJC_ARC = YES;
				CLANG_WARN_BOOL_CONVERSION = YES;
				CLANG_WARN_CONSTANT_CONVERSION = YES;
				CLANG_WARN_DIRECT_OBJC_ISA_USAGE = YES_ERROR;
				CLANG_WARN_DOCUMENTATION_COMMENTS = YES;
				CLANG_WARN_EMPTY_BODY = YES;
				CLANG_WARN_ENUM_CONVERSION = YES;
				CLANG_WARN_INFINITE_RECURSION = YES;
				CLANG_WARN_INT_CONVERSION = YES;
				CLANG_WARN_OBJC_ROOT_CLASS = YES_ERROR;
				CLANG_WARN_SUSPICIOUS_MOVES = YES;
				CLANG_WARN_UNREACHABLE_CODE = YES;
				CLANG_WARN__DUPLICATE_METHOD_MATCH = YES;
				"CODE_SIGN_IDENTITY[sdk=iphoneos*]" = "iPhone Developer";
				COPY_PHASE_STRIP = NO;
				DEBUG_INFORMATION_FORMAT = dwarf;
				ENABLE_STRICT_OBJC_MSGSEND = YES;
				ENABLE_TESTABILITY = YES;
				GCC_C_LANGUAGE_STANDARD = gnu99;
				GCC_DYNAMIC_NO_PIC = NO;
				GCC_NO_COMMON_BLOCKS = YES;
				GCC_OPTIMIZATION_LEVEL = 0;
				GCC_PREPROCESSOR_DEFINITIONS = (
					"DEBUG=1",
					"$(inherited)",
				);
				GCC_WARN_64_TO_32_BIT_CONVERSION = YES;
				GCC_WARN_ABOUT_RETURN_TYPE = YES_ERROR;
				GCC_WARN_UNDECLARED_SELECTOR = YES;
				GCC_WARN_UNINITIALIZED_AUTOS = YES_AGGRESSIVE;
				GCC_WARN_UNUSED_FUNCTION = YES;
				GCC_WARN_UNUSED_VARIABLE = YES;
				IPHONEOS_DEPLOYMENT_TARGET = 10.1;
				MTL_ENABLE_DEBUG_INFO = YES;
				ONLY_ACTIVE_ARCH = YES;
				SDKROOT = iphoneos;
				SWIFT_ACTIVE_COMPILATION_CONDITIONS = DEBUG;
				SWIFT_OPTIMIZATION_LEVEL = "-Onone";
			};
			name = Debug;
		};
		449116E71DE4753E00430E31 /* Release */ = {
			isa = XCBuildConfiguration;
			buildSettings = {
				ALWAYS_SEARCH_USER_PATHS = NO;
				CLANG_ANALYZER_NONNULL = YES;
				CLANG_CXX_LANGUAGE_STANDARD = "gnu++0x";
				CLANG_CXX_LIBRARY = "libc++";
				CLANG_ENABLE_MODULES = YES;
				CLANG_ENABLE_OBJC_ARC = YES;
				CLANG_WARN_BOOL_CONVERSION = YES;
				CLANG_WARN_CONSTANT_CONVERSION = YES;
				CLANG_WARN_DIRECT_OBJC_ISA_USAGE = YES_ERROR;
				CLANG_WARN_DOCUMENTATION_COMMENTS = YES;
				CLANG_WARN_EMPTY_BODY = YES;
				CLANG_WARN_ENUM_CONVERSION = YES;
				CLANG_WARN_INFINITE_RECURSION = YES;
				CLANG_WARN_INT_CONVERSION = YES;
				CLANG_WARN_OBJC_ROOT_CLASS = YES_ERROR;
				CLANG_WARN_SUSPICIOUS_MOVES = YES;
				CLANG_WARN_UNREACHABLE_CODE = YES;
				CLANG_WARN__DUPLICATE_METHOD_MATCH = YES;
				"CODE_SIGN_IDENTITY[sdk=iphoneos*]" = "iPhone Developer";
				COPY_PHASE_STRIP = NO;
				DEBUG_INFORMATION_FORMAT = "dwarf-with-dsym";
				ENABLE_NS_ASSERTIONS = NO;
				ENABLE_STRICT_OBJC_MSGSEND = YES;
				GCC_C_LANGUAGE_STANDARD = gnu99;
				GCC_NO_COMMON_BLOCKS = YES;
				GCC_WARN_64_TO_32_BIT_CONVERSION = YES;
				GCC_WARN_ABOUT_RETURN_TYPE = YES_ERROR;
				GCC_WARN_UNDECLARED_SELECTOR = YES;
				GCC_WARN_UNINITIALIZED_AUTOS = YES_AGGRESSIVE;
				GCC_WARN_UNUSED_FUNCTION = YES;
				GCC_WARN_UNUSED_VARIABLE = YES;
				IPHONEOS_DEPLOYMENT_TARGET = 10.1;
				MTL_ENABLE_DEBUG_INFO = NO;
				SDKROOT = iphoneos;
				SWIFT_OPTIMIZATION_LEVEL = "-Owholemodule";
				VALIDATE_PRODUCT = YES;
			};
			name = Release;
		};
		449116E91DE4753E00430E31 /* Debug */ = {
			isa = XCBuildConfiguration;
			buildSettings = {
				ASSETCATALOG_COMPILER_APPICON_NAME = AppIcon;
				DEVELOPMENT_TEAM = W3MH7MTTSB;
				INFOPLIST_FILE = FileOperations/Info.plist;
				IPHONEOS_DEPLOYMENT_TARGET = 9.0;
				LD_RUNPATH_SEARCH_PATHS = "$(inherited) @executable_path/Frameworks";
				PRODUCT_BUNDLE_IDENTIFIER = com.rockgarden.FileOperations;
				PRODUCT_NAME = "$(TARGET_NAME)";
				SWIFT_VERSION = 3.0;
			};
			name = Debug;
		};
		449116EA1DE4753E00430E31 /* Release */ = {
			isa = XCBuildConfiguration;
			buildSettings = {
				ASSETCATALOG_COMPILER_APPICON_NAME = AppIcon;
				DEVELOPMENT_TEAM = W3MH7MTTSB;
				INFOPLIST_FILE = FileOperations/Info.plist;
				IPHONEOS_DEPLOYMENT_TARGET = 9.0;
				LD_RUNPATH_SEARCH_PATHS = "$(inherited) @executable_path/Frameworks";
				PRODUCT_BUNDLE_IDENTIFIER = com.rockgarden.FileOperations;
				PRODUCT_NAME = "$(TARGET_NAME)";
				SWIFT_VERSION = 3.0;
			};
			name = Release;
		};
/* End XCBuildConfiguration section */

/* Begin XCConfigurationList section */
		449116D11DE4753E00430E31 /* Build configuration list for PBXProject "FileOperations" */ = {
			isa = XCConfigurationList;
			buildConfigurations = (
				449116E61DE4753E00430E31 /* Debug */,
				449116E71DE4753E00430E31 /* Release */,
			);
			defaultConfigurationIsVisible = 0;
			defaultConfigurationName = Release;
		};
		449116E81DE4753E00430E31 /* Build configuration list for PBXNativeTarget "FileOperations" */ = {
			isa = XCConfigurationList;
			buildConfigurations = (
				449116E91DE4753E00430E31 /* Debug */,
				449116EA1DE4753E00430E31 /* Release */,
			);
			defaultConfigurationIsVisible = 0;
			defaultConfigurationName = Release;
		};
/* End XCConfigurationList section */
	};
	rootObject = 449116CE1DE4753E00430E31 /* Project object */;
}
