// !$*UTF8*$!
{
	archiveVersion = 1;
	classes = {
	};
	objectVersion = 46;
	objects = {

/* Begin PBXBuildFile section */
		4498B9791E212E81007927EF /* AppDelegate.swift in Sources */ = {isa = PBXBuildFile; fileRef = 4498B9781E212E81007927EF /* AppDelegate.swift */; };
		4498B97B1E212E81007927EF /* UndoManagerVC.swift in Sources */ = {isa = PBXBuildFile; fileRef = 4498B97A1E212E81007927EF /* UndoManagerVC.swift */; };
		4498B97E1E212E81007927EF /* Main.storyboard in Resources */ = {isa = PBXBuildFile; fileRef = 4498B97C1E212E81007927EF /* Main.storyboard */; };
		4498B9801E212E81007927EF /* Assets.xcassets in Resources */ = {isa = PBXBuildFile; fileRef = 4498B97F1E212E81007927EF /* Assets.xcassets */; };
		4498B9831E212E81007927EF /* LaunchScreen.storyboard in Resources */ = {isa = PBXBuildFile; fileRef = 4498B9811E212E81007927EF /* LaunchScreen.storyboard */; };
		4498B98B1E212F06007927EF /* UndoDragView.swift in Sources */ = {isa = PBXBuildFile; fileRef = 4498B98A1E212F06007927EF /* UndoDragView.swift */; };
/* End PBXBuildFile section */

/* Begin PBXFileReference section */
		4498B9751E212E81007927EF /* UndoManagerDemo.app */ = {isa = PBXFileReference; explicitFileType = wrapper.application; includeInIndex = 0; path = UndoManagerDemo.app; sourceTree = BUILT_PRODUCTS_DIR; };
		4498B9781E212E81007927EF /* AppDelegate.swift */ = {isa = PBXFileReference; lastKnownFileType = sourcecode.swift; path = AppDelegate.swift; sourceTree = "<group>"; };
		4498B97A1E212E81007927EF /* UndoManagerVC.swift */ = {isa = PBXFileReference; lastKnownFileType = sourcecode.swift; path = UndoManagerVC.swift; sourceTree = "<group>"; };
		4498B97D1E212E81007927EF /* Base */ = {isa = PBXFileReference; lastKnownFileType = file.storyboard; name = Base; path = Base.lproj/Main.storyboard; sourceTree = "<group>"; };
		4498B97F1E212E81007927EF /* Assets.xcassets */ = {isa = PBXFileReference; lastKnownFileType = folder.assetcatalog; path = Assets.xcassets; sourceTree = "<group>"; };
		4498B9821E212E81007927EF /* Base */ = {isa = PBXFileReference; lastKnownFileType = file.storyboard; name = Base; path = Base.lproj/LaunchScreen.storyboard; sourceTree = "<group>"; };
		4498B9841E212E81007927EF /* Info.plist */ = {isa = PBXFileReference; lastKnownFileType = text.plist.xml; path = Info.plist; sourceTree = "<group>"; };
		4498B98A1E212F06007927EF /* UndoDragView.swift */ = {isa = PBXFileReference; fileEncoding = 4; lastKnownFileType = sourcecode.swift; path = UndoDragView.swift; sourceTree = "<group>"; };
/* End PBXFileReference section */

/* Begin PBXFrameworksBuildPhase section */
		4498B9721E212E81007927EF /* Frameworks */ = {
			isa = PBXFrameworksBuildPhase;
			buildActionMask = 2147483647;
			files = (
			);
			runOnlyForDeploymentPostprocessing = 0;
		};
/* End PBXFrameworksBuildPhase section */

/* Begin PBXGroup section */
		4498B96C1E212E80007927EF = {
			isa = PBXGroup;
			children = (
				4498B9771E212E81007927EF /* UndoManagerDemo */,
				4498B9761E212E81007927EF /* Products */,
			);
			sourceTree = "<group>";
		};
		4498B9761E212E81007927EF /* Products */ = {
			isa = PBXGroup;
			children = (
				4498B9751E212E81007927EF /* UndoManagerDemo.app */,
			);
			name = Products;
			sourceTree = "<group>";
		};
		4498B9771E212E81007927EF /* UndoManagerDemo */ = {
			isa = PBXGroup;
			children = (
				4498B9781E212E81007927EF /* AppDelegate.swift */,
				4498B97C1E212E81007927EF /* Main.storyboard */,
				4498B97A1E212E81007927EF /* UndoManagerVC.swift */,
				4498B98A1E212F06007927EF /* UndoDragView.swift */,
				4498B97F1E212E81007927EF /* Assets.xcassets */,
				4498B9811E212E81007927EF /* LaunchScreen.storyboard */,
				4498B9841E212E81007927EF /* Info.plist */,
			);
			path = UndoManagerDemo;
			sourceTree = "<group>";
		};
/* End PBXGroup section */

/* Begin PBXNativeTarget section */
		4498B9741E212E81007927EF /* UndoManagerDemo */ = {
			isa = PBXNativeTarget;
			buildConfigurationList = 4498B9871E212E81007927EF /* Build configuration list for PBXNativeTarget "UndoManagerDemo" */;
			buildPhases = (
				4498B9711E212E81007927EF /* Sources */,
				4498B9721E212E81007927EF /* Frameworks */,
				4498B9731E212E81007927EF /* Resources */,
			);
			buildRules = (
			);
			dependencies = (
			);
			name = UndoManagerDemo;
			productName = UndoManagerDemo;
			productReference = 4498B9751E212E81007927EF /* UndoManagerDemo.app */;
			productType = "com.apple.product-type.application";
		};
/* End PBXNativeTarget section */

/* Begin PBXProject section */
		4498B96D1E212E80007927EF /* Project object */ = {
			isa = PBXProject;
			attributes = {
				LastSwiftUpdateCheck = 0820;
				LastUpgradeCheck = 0820;
				ORGANIZATIONNAME = apple;
				TargetAttributes = {
					4498B9741E212E81007927EF = {
						CreatedOnToolsVersion = 8.2.1;
						DevelopmentTeam = W3MH7MTTSB;
						ProvisioningStyle = Automatic;
					};
				};
			};
			buildConfigurationList = 4498B9701E212E80007927EF /* Build configuration list for PBXProject "UndoManagerDemo" */;
			compatibilityVersion = "Xcode 3.2";
			developmentRegion = English;
			hasScannedForEncodings = 0;
			knownRegions = (
				en,
				Base,
			);
			mainGroup = 4498B96C1E212E80007927EF;
			productRefGroup = 4498B9761E212E81007927EF /* Products */;
			projectDirPath = "";
			projectRoot = "";
			targets = (
				4498B9741E212E81007927EF /* UndoManagerDemo */,
			);
		};
/* End PBXProject section */

/* Begin PBXResourcesBuildPhase section */
		4498B9731E212E81007927EF /* Resources */ = {
			isa = PBXResourcesBuildPhase;
			buildActionMask = 2147483647;
			files = (
				4498B9831E212E81007927EF /* LaunchScreen.storyboard in Resources */,
				4498B9801E212E81007927EF /* Assets.xcassets in Resources */,
				4498B97E1E212E81007927EF /* Main.storyboard in Resources */,
			);
			runOnlyForDeploymentPostprocessing = 0;
		};
/* End PBXResourcesBuildPhase section */

/* Begin PBXSourcesBuildPhase section */
		4498B9711E212E81007927EF /* Sources */ = {
			isa = PBXSourcesBuildPhase;
			buildActionMask = 2147483647;
			files = (
				4498B97B1E212E81007927EF /* UndoManagerVC.swift in Sources */,
				4498B9791E212E81007927EF /* AppDelegate.swift in Sources */,
				4498B98B1E212F06007927EF /* UndoDragView.swift in Sources */,
			);
			runOnlyForDeploymentPostprocessing = 0;
		};
/* End PBXSourcesBuildPhase section */

/* Begin PBXVariantGroup section */
		4498B97C1E212E81007927EF /* Main.storyboard */ = {
			isa = PBXVariantGroup;
			children = (
				4498B97D1E212E81007927EF /* Base */,
			);
			name = Main.storyboard;
			sourceTree = "<group>";
		};
		4498B9811E212E81007927EF /* LaunchScreen.storyboard */ = {
			isa = PBXVariantGroup;
			children = (
				4498B9821E212E81007927EF /* Base */,
			);
			name = LaunchScreen.storyboard;
			sourceTree = "<group>";
		};
/* End PBXVariantGroup section */

/* Begin XCBuildConfiguration section */
		4498B9851E212E81007927EF /* Debug */ = {
			isa = XCBuildConfiguration;
			buildSettings = {
				ALWAYS_SEARCH_USER_PATHS = NO;
				CLANG_ANALYZER_NONNULL = YES;
				CLANG_CXX_LANGUAGE_STANDARD = "gnu++0x";
				CLANG_CXX_LIBRARY = "libc++";
				CLANG_ENABLE_MODULES = YES;
				CLANG_ENABLE_OBJC_ARC = YES;
				CLANG_WARN_BOOL_CONVERSION = YES;
				CLANG_WARN_CONSTANT_CONVERSION = YES;
				CLANG_WARN_DIRECT_OBJC_ISA_USAGE = YES_ERROR;
				CLANG_WARN_DOCUMENTATION_COMMENTS = YES;
				CLANG_WARN_EMPTY_BODY = YES;
				CLANG_WARN_ENUM_CONVERSION = YES;
				CLANG_WARN_INFINITE_RECURSION = YES;
				CLANG_WARN_INT_CONVERSION = YES;
				CLANG_WARN_OBJC_ROOT_CLASS = YES_ERROR;
				CLANG_WARN_SUSPICIOUS_MOVE = YES;
				CLANG_WARN_UNREACHABLE_CODE = YES;
				CLANG_WARN__DUPLICATE_METHOD_MATCH = YES;
				"CODE_SIGN_IDENTITY[sdk=iphoneos*]" = "iPhone Developer";
				COPY_PHASE_STRIP = NO;
				DEBUG_INFORMATION_FORMAT = dwarf;
				ENABLE_STRICT_OBJC_MSGSEND = YES;
				ENABLE_TESTABILITY = YES;
				GCC_C_LANGUAGE_STANDARD = gnu99;
				GCC_DYNAMIC_NO_PIC = NO;
				GCC_NO_COMMON_BLOCKS = YES;
				GCC_OPTIMIZATION_LEVEL = 0;
				GCC_PREPROCESSOR_DEFINITIONS = (
					"DEBUG=1",
					"$(inherited)",
				);
				GCC_WARN_64_TO_32_BIT_CONVERSION = YES;
				GCC_WARN_ABOUT_RETURN_TYPE = YES_ERROR;
				GCC_WARN_UNDECLARED_SELECTOR = YES;
				GCC_WARN_UNINITIALIZED_AUTOS = YES_AGGRESSIVE;
				GCC_WARN_UNUSED_FUNCTION = YES;
				GCC_WARN_UNUSED_VARIABLE = YES;
				IPHONEOS_DEPLOYMENT_TARGET = 9.0;
				MTL_ENABLE_DEBUG_INFO = YES;
				ONLY_ACTIVE_ARCH = YES;
				SDKROOT = iphoneos;
				SWIFT_ACTIVE_COMPILATION_CONDITIONS = DEBUG;
				SWIFT_OPTIMIZATION_LEVEL = "-Onone";
			};
			name = Debug;
		};
		4498B9861E212E81007927EF /* Release */ = {
			isa = XCBuildConfiguration;
			buildSettings = {
				ALWAYS_SEARCH_USER_PATHS = NO;
				CLANG_ANALYZER_NONNULL = YES;
				CLANG_CXX_LANGUAGE_STANDARD = "gnu++0x";
				CLANG_CXX_LIBRARY = "libc++";
				CLANG_ENABLE_MODULES = YES;
				CLANG_ENABLE_OBJC_ARC = YES;
				CLANG_WARN_BOOL_CONVERSION = YES;
				CLANG_WARN_CONSTANT_CONVERSION = YES;
				CLANG_WARN_DIRECT_OBJC_ISA_USAGE = YES_ERROR;
				CLANG_WARN_DOCUMENTATION_COMMENTS = YES;
				CLANG_WARN_EMPTY_BODY = YES;
				CLANG_WARN_ENUM_CONVERSION = YES;
				CLANG_WARN_INFINITE_RECURSION = YES;
				CLANG_WARN_INT_CONVERSION = YES;
				CLANG_WARN_OBJC_ROOT_CLASS = YES_ERROR;
				CLANG_WARN_SUSPICIOUS_MOVE = YES;
				CLANG_WARN_UNREACHABLE_CODE = YES;
				CLANG_WARN__DUPLICATE_METHOD_MATCH = YES;
				"CODE_SIGN_IDENTITY[sdk=iphoneos*]" = "iPhone Developer";
				COPY_PHASE_STRIP = NO;
				DEBUG_INFORMATION_FORMAT = "dwarf-with-dsym";
				ENABLE_NS_ASSERTIONS = NO;
				ENABLE_STRICT_OBJC_MSGSEND = YES;
				GCC_C_LANGUAGE_STANDARD = gnu99;
				GCC_NO_COMMON_BLOCKS = YES;
				GCC_WARN_64_TO_32_BIT_CONVERSION = YES;
				GCC_WARN_ABOUT_RETURN_TYPE = YES_ERROR;
				GCC_WARN_UNDECLARED_SELECTOR = YES;
				GCC_WARN_UNINITIALIZED_AUTOS = YES_AGGRESSIVE;
				GCC_WARN_UNUSED_FUNCTION = YES;
				GCC_WARN_UNUSED_VARIABLE = YES;
				IPHONEOS_DEPLOYMENT_TARGET = 9.0;
				MTL_ENABLE_DEBUG_INFO = NO;
				SDKROOT = iphoneos;
				SWIFT_OPTIMIZATION_LEVEL = "-Owholemodule";
				VALIDATE_PRODUCT = YES;
			};
			name = Release;
		};
		4498B9881E212E81007927EF /* Debug */ = {
			isa = XCBuildConfiguration;
			buildSettings = {
				ASSETCATALOG_COMPILER_APPICON_NAME = AppIcon;
				DEVELOPMENT_TEAM = W3MH7MTTSB;
				INFOPLIST_FILE = UndoManagerDemo/Info.plist;
				LD_RUNPATH_SEARCH_PATHS = "$(inherited) @executable_path/Frameworks";
				PRODUCT_BUNDLE_IDENTIFIER = com.apple.UndoManagerDemo;
				PRODUCT_NAME = "$(TARGET_NAME)";
				SWIFT_VERSION = 3.0;
			};
			name = Debug;
		};
		4498B9891E212E81007927EF /* Release */ = {
			isa = XCBuildConfiguration;
			buildSettings = {
				ASSETCATALOG_COMPILER_APPICON_NAME = AppIcon;
				DEVELOPMENT_TEAM = W3MH7MTTSB;
				INFOPLIST_FILE = UndoManagerDemo/Info.plist;
				LD_RUNPATH_SEARCH_PATHS = "$(inherited) @executable_path/Frameworks";
				PRODUCT_BUNDLE_IDENTIFIER = com.apple.UndoManagerDemo;
				PRODUCT_NAME = "$(TARGET_NAME)";
				SWIFT_VERSION = 3.0;
			};
			name = Release;
		};
/* End XCBuildConfiguration section */

/* Begin XCConfigurationList section */
		4498B9701E212E80007927EF /* Build configuration list for PBXProject "UndoManagerDemo" */ = {
			isa = XCConfigurationList;
			buildConfigurations = (
				4498B9851E212E81007927EF /* Debug */,
				4498B9861E212E81007927EF /* Release */,
			);
			defaultConfigurationIsVisible = 0;
			defaultConfigurationName = Release;
		};
		4498B9871E212E81007927EF /* Build configuration list for PBXNativeTarget "UndoManagerDemo" */ = {
			isa = XCConfigurationList;
			buildConfigurations = (
				4498B9881E212E81007927EF /* Debug */,
				4498B9891E212E81007927EF /* Release */,
			);
			defaultConfigurationIsVisible = 0;
		};
/* End XCConfigurationList section */
	};
	rootObject = 4498B96D1E212E80007927EF /* Project object */;
}
