// !$*UTF8*$!
{
	archiveVersion = 1;
	classes = {
	};
	objectVersion = 46;
	objects = {

/* Begin PBXBuildFile section */
		44088DA81F10DA53004E8214 /* RotatingButton.swift in Sources */ = {isa = PBXBuildFile; fileRef = 44088DA71F10DA53004E8214 /* RotatingButton.swift */; };
		44088DAE1F10F1D1004E8214 /* SubmitButton.swift in Sources */ = {isa = PBXBuildFile; fileRef = 44088DAD1F10F1D1004E8214 /* SubmitButton.swift */; };
		44088DB31F111C3C004E8214 /* SimpleLoadingButton.swift in Sources */ = {isa = PBXBuildFile; fileRef = 44088DB21F111C3C004E8214 /* SimpleLoadingButton.swift */; };
		44088DB51F111C48004E8214 /* SimpleLoadingView.swift in Sources */ = {isa = PBXBuildFile; fileRef = 44088DB41F111C48004E8214 /* SimpleLoadingView.swift */; };
		44088DBD1F111DDA004E8214 /* LoadingButton.swift in Sources */ = {isa = PBXBuildFile; fileRef = 44088DB81F111DDA004E8214 /* LoadingButton.swift */; };
		44088DBE1F111DDA004E8214 /* StateLayer.swift in Sources */ = {isa = PBXBuildFile; fileRef = 44088DB91F111DDA004E8214 /* StateLayer.swift */; };
		44088DBF1F111DDA004E8214 /* ZoomTransition.swift in Sources */ = {isa = PBXBuildFile; fileRef = 44088DBA1F111DDA004E8214 /* ZoomTransition.swift */; };
		44088DC01F111DDA004E8214 /* UIViewControllerExtension.swift in Sources */ = {isa = PBXBuildFile; fileRef = 44088DBB1F111DDA004E8214 /* UIViewControllerExtension.swift */; };
		44088DC21F112073004E8214 /* LoadingButtonVC.swift in Sources */ = {isa = PBXBuildFile; fileRef = 44088DC11F112073004E8214 /* LoadingButtonVC.swift */; };
		44088DC41F112163004E8214 /* LoadingButton.storyboard in Resources */ = {isa = PBXBuildFile; fileRef = 44088DC31F112163004E8214 /* LoadingButton.storyboard */; };
		44088DC61F1126B9004E8214 /* ActivityUIButton.swift in Sources */ = {isa = PBXBuildFile; fileRef = 44088DC51F1126B9004E8214 /* ActivityUIButton.swift */; };
		443046CD1F13C3E4007DAB32 /* ShrinkLoadButton.swift in Sources */ = {isa = PBXBuildFile; fileRef = 443046CC1F13C3E4007DAB32 /* ShrinkLoadButton.swift */; };
		444C1B891EF0181D00696852 /* TextFieldSlidingVC.swift in Sources */ = {isa = PBXBuildFile; fileRef = 444C1B881EF0181D00696852 /* TextFieldSlidingVC.swift */; };
		44910A071FC7BED000B97B06 /* UIControl+runtime.m in Sources */ = {isa = PBXBuildFile; fileRef = 44910A061FC7BED000B97B06 /* UIControl+runtime.m */; };
		449BD9581E192470003A0762 /* MyKnob.swift in Sources */ = {isa = PBXBuildFile; fileRef = 449BD9571E192470003A0762 /* MyKnob.swift */; };
		449BD95A1E19280C003A0762 /* MyShrinkingButton.swift in Sources */ = {isa = PBXBuildFile; fileRef = 449BD9591E19280C003A0762 /* MyShrinkingButton.swift */; };
		449BD95C1E192CE8003A0762 /* UISegmentedControlVC.swift in Sources */ = {isa = PBXBuildFile; fileRef = 449BD95B1E192CE8003A0762 /* UISegmentedControlVC.swift */; };
		449E5D8E1E13FC6B009F2915 /* AppDelegate.swift in Sources */ = {isa = PBXBuildFile; fileRef = 449E5D8D1E13FC6B009F2915 /* AppDelegate.swift */; };
		449E5D901E13FC6B009F2915 /* UIControlVC.swift in Sources */ = {isa = PBXBuildFile; fileRef = 449E5D8F1E13FC6B009F2915 /* UIControlVC.swift */; };
		449E5D931E13FC6B009F2915 /* Main.storyboard in Resources */ = {isa = PBXBuildFile; fileRef = 449E5D911E13FC6B009F2915 /* Main.storyboard */; };
		449E5D951E13FC6B009F2915 /* Assets.xcassets in Resources */ = {isa = PBXBuildFile; fileRef = 449E5D941E13FC6B009F2915 /* Assets.xcassets */; };
		449E5D981E13FC6B009F2915 /* LaunchScreen.storyboard in Resources */ = {isa = PBXBuildFile; fileRef = 449E5D961E13FC6B009F2915 /* LaunchScreen.storyboard */; };
		449E5DA01E13FC87009F2915 /* MySlider.swift in Sources */ = {isa = PBXBuildFile; fileRef = 449E5D9F1E13FC87009F2915 /* MySlider.swift */; };
		44D68A0E1E19FB5B00AB4C19 /* CoinSlider.swift in Sources */ = {isa = PBXBuildFile; fileRef = 44D68A0D1E19FB5B00AB4C19 /* CoinSlider.swift */; };
		44D68A101E19FD8000AB4C19 /* DataPickerVC.swift in Sources */ = {isa = PBXBuildFile; fileRef = 44D68A0F1E19FD8000AB4C19 /* DataPickerVC.swift */; };
		44D68A121E19FF8800AB4C19 /* UIStepperVC.swift in Sources */ = {isa = PBXBuildFile; fileRef = 44D68A111E19FF8800AB4C19 /* UIStepperVC.swift */; };
		44D934711F0FF36C005CC3F2 /* WorkspaceGlobal.swift in Sources */ = {isa = PBXBuildFile; fileRef = 44D934701F0FF36C005CC3F2 /* WorkspaceGlobal.swift */; };
		44ED7EB01F9E2C0600A4AD3C /* FlatSwitch.swift in Sources */ = {isa = PBXBuildFile; fileRef = 44ED7EAF1F9E2C0600A4AD3C /* FlatSwitch.swift */; };
		C27AFBE91EC454F00017A840 /* ActivityButton.swift in Sources */ = {isa = PBXBuildFile; fileRef = C27AFBE81EC454F00017A840 /* ActivityButton.swift */; };
		C27AFC121EC58F910017A840 /* CircleRippleButton.swift in Sources */ = {isa = PBXBuildFile; fileRef = C27AFC111EC58F910017A840 /* CircleRippleButton.swift */; };
		C27AFC141EC592A10017A840 /* GCD.swift in Sources */ = {isa = PBXBuildFile; fileRef = C27AFC131EC592A10017A840 /* GCD.swift */; };
		C27AFC161EC594A00017A840 /* CAAnimation+Closure.swift in Sources */ = {isa = PBXBuildFile; fileRef = C27AFC151EC594A00017A840 /* CAAnimation+Closure.swift */; };
		C29089601EC01A8A001E02FB /* ButtonVC.swift in Sources */ = {isa = PBXBuildFile; fileRef = C290895F1EC01A8A001E02FB /* ButtonVC.swift */; };
		C29089621EC01A9A001E02FB /* FloatingButton.swift in Sources */ = {isa = PBXBuildFile; fileRef = C29089611EC01A9A001E02FB /* FloatingButton.swift */; };
		C29089641EC01AAE001E02FB /* RoundBorderedButton.swift in Sources */ = {isa = PBXBuildFile; fileRef = C29089631EC01AAE001E02FB /* RoundBorderedButton.swift */; };
		C29089661EC01AB6001E02FB /* SqueezeButton.swift in Sources */ = {isa = PBXBuildFile; fileRef = C29089651EC01AB6001E02FB /* SqueezeButton.swift */; };
		C290896D1EC0393F001E02FB /* CGRectEx.swift in Sources */ = {isa = PBXBuildFile; fileRef = C29089681EC0393F001E02FB /* CGRectEx.swift */; };
		C290896E1EC0393F001E02FB /* FadeTransition.swift in Sources */ = {isa = PBXBuildFile; fileRef = C29089691EC0393F001E02FB /* FadeTransition.swift */; };
		C290896F1EC0393F001E02FB /* SpinerLayer.swift in Sources */ = {isa = PBXBuildFile; fileRef = C290896A1EC0393F001E02FB /* SpinerLayer.swift */; };
		C29089711EC0393F001E02FB /* TransitionSubmitButton.swift in Sources */ = {isa = PBXBuildFile; fileRef = C290896C1EC0393F001E02FB /* TransitionSubmitButton.swift */; };
		C2C04C211ECC182900F0A10B /* RefreshControlVC.swift in Sources */ = {isa = PBXBuildFile; fileRef = C2C04C201ECC182900F0A10B /* RefreshControlVC.swift */; };
		C2C04C231ECC18C700F0A10B /* Main_UIControl.swift in Sources */ = {isa = PBXBuildFile; fileRef = C2C04C221ECC18C700F0A10B /* Main_UIControl.swift */; };
/* End PBXBuildFile section */

/* Begin PBXFileReference section */
		44088DA71F10DA53004E8214 /* RotatingButton.swift */ = {isa = PBXFileReference; fileEncoding = 4; lastKnownFileType = sourcecode.swift; path = RotatingButton.swift; sourceTree = "<group>"; };
		44088DAD1F10F1D1004E8214 /* SubmitButton.swift */ = {isa = PBXFileReference; fileEncoding = 4; lastKnownFileType = sourcecode.swift; path = SubmitButton.swift; sourceTree = "<group>"; };
		44088DB21F111C3C004E8214 /* SimpleLoadingButton.swift */ = {isa = PBXFileReference; fileEncoding = 4; lastKnownFileType = sourcecode.swift; path = SimpleLoadingButton.swift; sourceTree = "<group>"; };
		44088DB41F111C48004E8214 /* SimpleLoadingView.swift */ = {isa = PBXFileReference; fileEncoding = 4; lastKnownFileType = sourcecode.swift; path = SimpleLoadingView.swift; sourceTree = "<group>"; };
		44088DB81F111DDA004E8214 /* LoadingButton.swift */ = {isa = PBXFileReference; fileEncoding = 4; lastKnownFileType = sourcecode.swift; path = LoadingButton.swift; sourceTree = "<group>"; };
		44088DB91F111DDA004E8214 /* StateLayer.swift */ = {isa = PBXFileReference; fileEncoding = 4; lastKnownFileType = sourcecode.swift; path = StateLayer.swift; sourceTree = "<group>"; };
		44088DBA1F111DDA004E8214 /* ZoomTransition.swift */ = {isa = PBXFileReference; fileEncoding = 4; lastKnownFileType = sourcecode.swift; path = ZoomTransition.swift; sourceTree = "<group>"; };
		44088DBB1F111DDA004E8214 /* UIViewControllerExtension.swift */ = {isa = PBXFileReference; fileEncoding = 4; lastKnownFileType = sourcecode.swift; path = UIViewControllerExtension.swift; sourceTree = "<group>"; };
		44088DC11F112073004E8214 /* LoadingButtonVC.swift */ = {isa = PBXFileReference; fileEncoding = 4; lastKnownFileType = sourcecode.swift; path = LoadingButtonVC.swift; sourceTree = "<group>"; };
		44088DC31F112163004E8214 /* LoadingButton.storyboard */ = {isa = PBXFileReference; fileEncoding = 4; lastKnownFileType = file.storyboard; path = LoadingButton.storyboard; sourceTree = "<group>"; };
		44088DC51F1126B9004E8214 /* ActivityUIButton.swift */ = {isa = PBXFileReference; fileEncoding = 4; lastKnownFileType = sourcecode.swift; path = ActivityUIButton.swift; sourceTree = "<group>"; };
		443046CC1F13C3E4007DAB32 /* ShrinkLoadButton.swift */ = {isa = PBXFileReference; fileEncoding = 4; lastKnownFileType = sourcecode.swift; path = ShrinkLoadButton.swift; sourceTree = "<group>"; };
		444C1B881EF0181D00696852 /* TextFieldSlidingVC.swift */ = {isa = PBXFileReference; fileEncoding = 4; lastKnownFileType = sourcecode.swift; path = TextFieldSlidingVC.swift; sourceTree = "<group>"; };
		44910A041FC7BED000B97B06 /* UIControlDemo-Bridging-Header.h */ = {isa = PBXFileReference; lastKnownFileType = sourcecode.c.h; path = "UIControlDemo-Bridging-Header.h"; sourceTree = "<group>"; };
		44910A051FC7BED000B97B06 /* UIControl+runtime.h */ = {isa = PBXFileReference; lastKnownFileType = sourcecode.c.h; path = "UIControl+runtime.h"; sourceTree = "<group>"; };
		44910A061FC7BED000B97B06 /* UIControl+runtime.m */ = {isa = PBXFileReference; lastKnownFileType = sourcecode.c.objc; path = "UIControl+runtime.m"; sourceTree = "<group>"; };
		449BD9571E192470003A0762 /* MyKnob.swift */ = {isa = PBXFileReference; fileEncoding = 4; lastKnownFileType = sourcecode.swift; path = MyKnob.swift; sourceTree = "<group>"; };
		449BD9591E19280C003A0762 /* MyShrinkingButton.swift */ = {isa = PBXFileReference; fileEncoding = 4; lastKnownFileType = sourcecode.swift; path = MyShrinkingButton.swift; sourceTree = "<group>"; };
		449BD95B1E192CE8003A0762 /* UISegmentedControlVC.swift */ = {isa = PBXFileReference; fileEncoding = 4; lastKnownFileType = sourcecode.swift; path = UISegmentedControlVC.swift; sourceTree = "<group>"; };
		449E5D8A1E13FC6B009F2915 /* UIControlDemo.app */ = {isa = PBXFileReference; explicitFileType = wrapper.application; includeInIndex = 0; path = UIControlDemo.app; sourceTree = BUILT_PRODUCTS_DIR; };
		449E5D8D1E13FC6B009F2915 /* AppDelegate.swift */ = {isa = PBXFileReference; lastKnownFileType = sourcecode.swift; path = AppDelegate.swift; sourceTree = "<group>"; };
		449E5D8F1E13FC6B009F2915 /* UIControlVC.swift */ = {isa = PBXFileReference; lastKnownFileType = sourcecode.swift; path = UIControlVC.swift; sourceTree = "<group>"; };
		449E5D921E13FC6B009F2915 /* Base */ = {isa = PBXFileReference; lastKnownFileType = file.storyboard; name = Base; path = Base.lproj/Main.storyboard; sourceTree = "<group>"; };
		449E5D941E13FC6B009F2915 /* Assets.xcassets */ = {isa = PBXFileReference; lastKnownFileType = folder.assetcatalog; path = Assets.xcassets; sourceTree = "<group>"; };
		449E5D971E13FC6B009F2915 /* Base */ = {isa = PBXFileReference; lastKnownFileType = file.storyboard; name = Base; path = Base.lproj/LaunchScreen.storyboard; sourceTree = "<group>"; };
		449E5D991E13FC6B009F2915 /* Info.plist */ = {isa = PBXFileReference; lastKnownFileType = text.plist.xml; path = Info.plist; sourceTree = "<group>"; };
		449E5D9F1E13FC87009F2915 /* MySlider.swift */ = {isa = PBXFileReference; fileEncoding = 4; lastKnownFileType = sourcecode.swift; path = MySlider.swift; sourceTree = "<group>"; };
		44D68A0D1E19FB5B00AB4C19 /* CoinSlider.swift */ = {isa = PBXFileReference; fileEncoding = 4; lastKnownFileType = sourcecode.swift; path = CoinSlider.swift; sourceTree = "<group>"; };
		44D68A0F1E19FD8000AB4C19 /* DataPickerVC.swift */ = {isa = PBXFileReference; fileEncoding = 4; lastKnownFileType = sourcecode.swift; path = DataPickerVC.swift; sourceTree = "<group>"; };
		44D68A111E19FF8800AB4C19 /* UIStepperVC.swift */ = {isa = PBXFileReference; fileEncoding = 4; lastKnownFileType = sourcecode.swift; path = UIStepperVC.swift; sourceTree = "<group>"; };
		44D934701F0FF36C005CC3F2 /* WorkspaceGlobal.swift */ = {isa = PBXFileReference; fileEncoding = 4; lastKnownFileType = sourcecode.swift; name = WorkspaceGlobal.swift; path = ../WorkspaceGlobal.swift; sourceTree = "<group>"; };
		44ED7EAF1F9E2C0600A4AD3C /* FlatSwitch.swift */ = {isa = PBXFileReference; fileEncoding = 4; lastKnownFileType = sourcecode.swift; path = FlatSwitch.swift; sourceTree = "<group>"; };
		C27AFBE81EC454F00017A840 /* ActivityButton.swift */ = {isa = PBXFileReference; fileEncoding = 4; lastKnownFileType = sourcecode.swift; path = ActivityButton.swift; sourceTree = "<group>"; };
		C27AFC111EC58F910017A840 /* CircleRippleButton.swift */ = {isa = PBXFileReference; fileEncoding = 4; lastKnownFileType = sourcecode.swift; path = CircleRippleButton.swift; sourceTree = "<group>"; };
		C27AFC131EC592A10017A840 /* GCD.swift */ = {isa = PBXFileReference; fileEncoding = 4; lastKnownFileType = sourcecode.swift; path = GCD.swift; sourceTree = "<group>"; };
		C27AFC151EC594A00017A840 /* CAAnimation+Closure.swift */ = {isa = PBXFileReference; fileEncoding = 4; lastKnownFileType = sourcecode.swift; path = "CAAnimation+Closure.swift"; sourceTree = "<group>"; };
		C290895F1EC01A8A001E02FB /* ButtonVC.swift */ = {isa = PBXFileReference; fileEncoding = 4; lastKnownFileType = sourcecode.swift; path = ButtonVC.swift; sourceTree = "<group>"; };
		C29089611EC01A9A001E02FB /* FloatingButton.swift */ = {isa = PBXFileReference; fileEncoding = 4; lastKnownFileType = sourcecode.swift; path = FloatingButton.swift; sourceTree = "<group>"; };
		C29089631EC01AAE001E02FB /* RoundBorderedButton.swift */ = {isa = PBXFileReference; fileEncoding = 4; lastKnownFileType = sourcecode.swift; path = RoundBorderedButton.swift; sourceTree = "<group>"; };
		C29089651EC01AB6001E02FB /* SqueezeButton.swift */ = {isa = PBXFileReference; fileEncoding = 4; lastKnownFileType = sourcecode.swift; path = SqueezeButton.swift; sourceTree = "<group>"; };
		C29089681EC0393F001E02FB /* CGRectEx.swift */ = {isa = PBXFileReference; fileEncoding = 4; lastKnownFileType = sourcecode.swift; path = CGRectEx.swift; sourceTree = "<group>"; };
		C29089691EC0393F001E02FB /* FadeTransition.swift */ = {isa = PBXFileReference; fileEncoding = 4; lastKnownFileType = sourcecode.swift; path = FadeTransition.swift; sourceTree = "<group>"; };
		C290896A1EC0393F001E02FB /* SpinerLayer.swift */ = {isa = PBXFileReference; fileEncoding = 4; lastKnownFileType = sourcecode.swift; path = SpinerLayer.swift; sourceTree = "<group>"; };
		C290896C1EC0393F001E02FB /* TransitionSubmitButton.swift */ = {isa = PBXFileReference; fileEncoding = 4; lastKnownFileType = sourcecode.swift; path = TransitionSubmitButton.swift; sourceTree = "<group>"; };
		C2C04C201ECC182900F0A10B /* RefreshControlVC.swift */ = {isa = PBXFileReference; fileEncoding = 4; lastKnownFileType = sourcecode.swift; path = RefreshControlVC.swift; sourceTree = "<group>"; };
		C2C04C221ECC18C700F0A10B /* Main_UIControl.swift */ = {isa = PBXFileReference; fileEncoding = 4; lastKnownFileType = sourcecode.swift; path = Main_UIControl.swift; sourceTree = "<group>"; };
/* End PBXFileReference section */

/* Begin PBXFrameworksBuildPhase section */
		449E5D871E13FC6B009F2915 /* Frameworks */ = {
			isa = PBXFrameworksBuildPhase;
			buildActionMask = 2147483647;
			files = (
			);
			runOnlyForDeploymentPostprocessing = 0;
		};
/* End PBXFrameworksBuildPhase section */

/* Begin PBXGroup section */
		44088DB61F111DDA004E8214 /* LoadingButton */ = {
			isa = PBXGroup;
			children = (
				44088DB81F111DDA004E8214 /* LoadingButton.swift */,
				44088DB91F111DDA004E8214 /* StateLayer.swift */,
				44088DBA1F111DDA004E8214 /* ZoomTransition.swift */,
				44088DBB1F111DDA004E8214 /* UIViewControllerExtension.swift */,
				44088DC11F112073004E8214 /* LoadingButtonVC.swift */,
				44088DC31F112163004E8214 /* LoadingButton.storyboard */,
			);
			name = LoadingButton;
			path = Classes;
			sourceTree = "<group>";
		};
		44088DC71F112A3E004E8214 /* Button */ = {
			isa = PBXGroup;
			children = (
				C290895F1EC01A8A001E02FB /* ButtonVC.swift */,
				44088DA71F10DA53004E8214 /* RotatingButton.swift */,
				443046CC1F13C3E4007DAB32 /* ShrinkLoadButton.swift */,
				44088DC51F1126B9004E8214 /* ActivityUIButton.swift */,
				C27AFBE81EC454F00017A840 /* ActivityButton.swift */,
				449BD9591E19280C003A0762 /* MyShrinkingButton.swift */,
				C29089611EC01A9A001E02FB /* FloatingButton.swift */,
				C29089631EC01AAE001E02FB /* RoundBorderedButton.swift */,
				C29089651EC01AB6001E02FB /* SqueezeButton.swift */,
				C27AFC111EC58F910017A840 /* CircleRippleButton.swift */,
				44088DAD1F10F1D1004E8214 /* SubmitButton.swift */,
				44088DB21F111C3C004E8214 /* SimpleLoadingButton.swift */,
				44088DB41F111C48004E8214 /* SimpleLoadingView.swift */,
				44ED7EAF1F9E2C0600A4AD3C /* FlatSwitch.swift */,
			);
			name = Button;
			sourceTree = "<group>";
		};
		449E5D811E13FC6B009F2915 = {
			isa = PBXGroup;
			children = (
				44D934701F0FF36C005CC3F2 /* WorkspaceGlobal.swift */,
				C27AFC151EC594A00017A840 /* CAAnimation+Closure.swift */,
				44088DB61F111DDA004E8214 /* LoadingButton */,
				C29089671EC0393F001E02FB /* TransitionSubmitButton */,
				449E5D8C1E13FC6B009F2915 /* UIControlDemo */,
				449E5D8B1E13FC6B009F2915 /* Products */,
			);
			sourceTree = "<group>";
		};
		449E5D8B1E13FC6B009F2915 /* Products */ = {
			isa = PBXGroup;
			children = (
				449E5D8A1E13FC6B009F2915 /* UIControlDemo.app */,
			);
			name = Products;
			sourceTree = "<group>";
		};
		449E5D8C1E13FC6B009F2915 /* UIControlDemo */ = {
			isa = PBXGroup;
			children = (
				449E5D8D1E13FC6B009F2915 /* AppDelegate.swift */,
				449E5D911E13FC6B009F2915 /* Main.storyboard */,
				C2C04C221ECC18C700F0A10B /* Main_UIControl.swift */,
				C27AFC131EC592A10017A840 /* GCD.swift */,
				449E5D8F1E13FC6B009F2915 /* UIControlVC.swift */,
				449BD95B1E192CE8003A0762 /* UISegmentedControlVC.swift */,
				449BD9571E192470003A0762 /* MyKnob.swift */,
				449E5D9F1E13FC87009F2915 /* MySlider.swift */,
				44D68A0F1E19FD8000AB4C19 /* DataPickerVC.swift */,
				44D68A0D1E19FB5B00AB4C19 /* CoinSlider.swift */,
				44D68A111E19FF8800AB4C19 /* UIStepperVC.swift */,
				44088DC71F112A3E004E8214 /* Button */,
				C2C04C201ECC182900F0A10B /* RefreshControlVC.swift */,
				444C1B881EF0181D00696852 /* TextFieldSlidingVC.swift */,
				449E5D941E13FC6B009F2915 /* Assets.xcassets */,
				449E5D961E13FC6B009F2915 /* LaunchScreen.storyboard */,
				449E5D991E13FC6B009F2915 /* Info.plist */,
				44910A051FC7BED000B97B06 /* UIControl+runtime.h */,
				44910A061FC7BED000B97B06 /* UIControl+runtime.m */,
				44910A041FC7BED000B97B06 /* UIControlDemo-Bridging-Header.h */,
			);
			path = UIControlDemo;
			sourceTree = "<group>";
		};
		C29089671EC0393F001E02FB /* TransitionSubmitButton */ = {
			isa = PBXGroup;
			children = (
				C29089681EC0393F001E02FB /* CGRectEx.swift */,
				C29089691EC0393F001E02FB /* FadeTransition.swift */,
				C290896A1EC0393F001E02FB /* SpinerLayer.swift */,
				C290896C1EC0393F001E02FB /* TransitionSubmitButton.swift */,
			);
			path = TransitionSubmitButton;
			sourceTree = "<group>";
		};
/* End PBXGroup section */

/* Begin PBXNativeTarget section */
		449E5D891E13FC6B009F2915 /* UIControlDemo */ = {
			isa = PBXNativeTarget;
			buildConfigurationList = 449E5D9C1E13FC6B009F2915 /* Build configuration list for PBXNativeTarget "UIControlDemo" */;
			buildPhases = (
				449E5D861E13FC6B009F2915 /* Sources */,
				449E5D871E13FC6B009F2915 /* Frameworks */,
				449E5D881E13FC6B009F2915 /* Resources */,
			);
			buildRules = (
			);
			dependencies = (
			);
			name = UIControlDemo;
			productName = UIControlDemo;
			productReference = 449E5D8A1E13FC6B009F2915 /* UIControlDemo.app */;
			productType = "com.apple.product-type.application";
		};
/* End PBXNativeTarget section */

/* Begin PBXProject section */
		449E5D821E13FC6B009F2915 /* Project object */ = {
			isa = PBXProject;
			attributes = {
				LastSwiftUpdateCheck = 0820;
				LastUpgradeCheck = 0900;
				ORGANIZATIONNAME = rockgarden;
				TargetAttributes = {
					449E5D891E13FC6B009F2915 = {
						CreatedOnToolsVersion = 8.2.1;
						DevelopmentTeam = W3MH7MTTSB;
						LastSwiftMigration = 0910;
						ProvisioningStyle = Automatic;
					};
				};
			};
			buildConfigurationList = 449E5D851E13FC6B009F2915 /* Build configuration list for PBXProject "UIControlDemo" */;
			compatibilityVersion = "Xcode 3.2";
			developmentRegion = English;
			hasScannedForEncodings = 0;
			knownRegions = (
				en,
				Base,
			);
			mainGroup = 449E5D811E13FC6B009F2915;
			productRefGroup = 449E5D8B1E13FC6B009F2915 /* Products */;
			projectDirPath = "";
			projectRoot = "";
			targets = (
				449E5D891E13FC6B009F2915 /* UIControlDemo */,
			);
		};
/* End PBXProject section */

/* Begin PBXResourcesBuildPhase section */
		449E5D881E13FC6B009F2915 /* Resources */ = {
			isa = PBXResourcesBuildPhase;
			buildActionMask = 2147483647;
			files = (
				449E5D981E13FC6B009F2915 /* LaunchScreen.storyboard in Resources */,
				449E5D951E13FC6B009F2915 /* Assets.xcassets in Resources */,
				449E5D931E13FC6B009F2915 /* Main.storyboard in Resources */,
				44088DC41F112163004E8214 /* LoadingButton.storyboard in Resources */,
			);
			runOnlyForDeploymentPostprocessing = 0;
		};
/* End PBXResourcesBuildPhase section */

/* Begin PBXSourcesBuildPhase section */
		449E5D861E13FC6B009F2915 /* Sources */ = {
			isa = PBXSourcesBuildPhase;
			buildActionMask = 2147483647;
			files = (
				443046CD1F13C3E4007DAB32 /* ShrinkLoadButton.swift in Sources */,
				C2C04C231ECC18C700F0A10B /* Main_UIControl.swift in Sources */,
				44D934711F0FF36C005CC3F2 /* WorkspaceGlobal.swift in Sources */,
				C27AFC121EC58F910017A840 /* CircleRippleButton.swift in Sources */,
				449E5DA01E13FC87009F2915 /* MySlider.swift in Sources */,
				44088DBD1F111DDA004E8214 /* LoadingButton.swift in Sources */,
				44088DB31F111C3C004E8214 /* SimpleLoadingButton.swift in Sources */,
				C2C04C211ECC182900F0A10B /* RefreshControlVC.swift in Sources */,
				C290896E1EC0393F001E02FB /* FadeTransition.swift in Sources */,
				44D68A121E19FF8800AB4C19 /* UIStepperVC.swift in Sources */,
				444C1B891EF0181D00696852 /* TextFieldSlidingVC.swift in Sources */,
				44D68A0E1E19FB5B00AB4C19 /* CoinSlider.swift in Sources */,
				C27AFC161EC594A00017A840 /* CAAnimation+Closure.swift in Sources */,
				449BD95A1E19280C003A0762 /* MyShrinkingButton.swift in Sources */,
				449E5D901E13FC6B009F2915 /* UIControlVC.swift in Sources */,
				449BD95C1E192CE8003A0762 /* UISegmentedControlVC.swift in Sources */,
				44088DA81F10DA53004E8214 /* RotatingButton.swift in Sources */,
				C290896D1EC0393F001E02FB /* CGRectEx.swift in Sources */,
				C27AFBE91EC454F00017A840 /* ActivityButton.swift in Sources */,
				44088DBF1F111DDA004E8214 /* ZoomTransition.swift in Sources */,
				44088DAE1F10F1D1004E8214 /* SubmitButton.swift in Sources */,
				44088DC01F111DDA004E8214 /* UIViewControllerExtension.swift in Sources */,
				44ED7EB01F9E2C0600A4AD3C /* FlatSwitch.swift in Sources */,
				C27AFC141EC592A10017A840 /* GCD.swift in Sources */,
				44088DB51F111C48004E8214 /* SimpleLoadingView.swift in Sources */,
				C29089661EC01AB6001E02FB /* SqueezeButton.swift in Sources */,
				449E5D8E1E13FC6B009F2915 /* AppDelegate.swift in Sources */,
				44088DC61F1126B9004E8214 /* ActivityUIButton.swift in Sources */,
				C290896F1EC0393F001E02FB /* SpinerLayer.swift in Sources */,
				44088DC21F112073004E8214 /* LoadingButtonVC.swift in Sources */,
				44D68A101E19FD8000AB4C19 /* DataPickerVC.swift in Sources */,
				C29089601EC01A8A001E02FB /* ButtonVC.swift in Sources */,
				44088DBE1F111DDA004E8214 /* StateLayer.swift in Sources */,
				C29089711EC0393F001E02FB /* TransitionSubmitButton.swift in Sources */,
				44910A071FC7BED000B97B06 /* UIControl+runtime.m in Sources */,
				449BD9581E192470003A0762 /* MyKnob.swift in Sources */,
				C29089621EC01A9A001E02FB /* FloatingButton.swift in Sources */,
				C29089641EC01AAE001E02FB /* RoundBorderedButton.swift in Sources */,
			);
			runOnlyForDeploymentPostprocessing = 0;
		};
/* End PBXSourcesBuildPhase section */

/* Begin PBXVariantGroup section */
		449E5D911E13FC6B009F2915 /* Main.storyboard */ = {
			isa = PBXVariantGroup;
			children = (
				449E5D921E13FC6B009F2915 /* Base */,
			);
			name = Main.storyboard;
			sourceTree = "<group>";
		};
		449E5D961E13FC6B009F2915 /* LaunchScreen.storyboard */ = {
			isa = PBXVariantGroup;
			children = (
				449E5D971E13FC6B009F2915 /* Base */,
			);
			name = LaunchScreen.storyboard;
			sourceTree = "<group>";
		};
/* End PBXVariantGroup section */

/* Begin XCBuildConfiguration section */
		449E5D9A1E13FC6B009F2915 /* Debug */ = {
			isa = XCBuildConfiguration;
			buildSettings = {
				ALWAYS_SEARCH_USER_PATHS = NO;
				CLANG_ANALYZER_NONNULL = YES;
				CLANG_CXX_LANGUAGE_STANDARD = "gnu++0x";
				CLANG_CXX_LIBRARY = "libc++";
				CLANG_ENABLE_MODULES = YES;
				CLANG_ENABLE_OBJC_ARC = YES;
				CLANG_WARN_BLOCK_CAPTURE_AUTORELEASING = YES;
				CLANG_WARN_BOOL_CONVERSION = YES;
				CLANG_WARN_COMMA = YES;
				CLANG_WARN_CONSTANT_CONVERSION = YES;
				CLANG_WARN_DIRECT_OBJC_ISA_USAGE = YES_ERROR;
				CLANG_WARN_DOCUMENTATION_COMMENTS = YES;
				CLANG_WARN_EMPTY_BODY = YES;
				CLANG_WARN_ENUM_CONVERSION = YES;
				CLANG_WARN_INFINITE_RECURSION = YES;
				CLANG_WARN_INT_CONVERSION = YES;
				CLANG_WARN_NON_LITERAL_NULL_CONVERSION = YES;
				CLANG_WARN_OBJC_LITERAL_CONVERSION = YES;
				CLANG_WARN_OBJC_ROOT_CLASS = YES_ERROR;
				CLANG_WARN_RANGE_LOOP_ANALYSIS = YES;
				CLANG_WARN_STRICT_PROTOTYPES = YES;
				CLANG_WARN_SUSPICIOUS_MOVE = YES;
				CLANG_WARN_UNREACHABLE_CODE = YES;
				CLANG_WARN__DUPLICATE_METHOD_MATCH = YES;
				"CODE_SIGN_IDENTITY[sdk=iphoneos*]" = "iPhone Developer";
				COPY_PHASE_STRIP = NO;
				DEBUG_INFORMATION_FORMAT = dwarf;
				ENABLE_STRICT_OBJC_MSGSEND = YES;
				ENABLE_TESTABILITY = YES;
				GCC_C_LANGUAGE_STANDARD = gnu99;
				GCC_DYNAMIC_NO_PIC = NO;
				GCC_NO_COMMON_BLOCKS = YES;
				GCC_OPTIMIZATION_LEVEL = 0;
				GCC_PREPROCESSOR_DEFINITIONS = (
					"DEBUG=1",
					"$(inherited)",
				);
				GCC_WARN_64_TO_32_BIT_CONVERSION = YES;
				GCC_WARN_ABOUT_RETURN_TYPE = YES_ERROR;
				GCC_WARN_UNDECLARED_SELECTOR = YES;
				GCC_WARN_UNINITIALIZED_AUTOS = YES_AGGRESSIVE;
				GCC_WARN_UNUSED_FUNCTION = YES;
				GCC_WARN_UNUSED_VARIABLE = YES;
				IPHONEOS_DEPLOYMENT_TARGET = 9.0;
				MTL_ENABLE_DEBUG_INFO = YES;
				ONLY_ACTIVE_ARCH = YES;
				SDKROOT = iphoneos;
				SWIFT_ACTIVE_COMPILATION_CONDITIONS = DEBUG;
				SWIFT_OPTIMIZATION_LEVEL = "-Onone";
			};
			name = Debug;
		};
		449E5D9B1E13FC6B009F2915 /* Release */ = {
			isa = XCBuildConfiguration;
			buildSettings = {
				ALWAYS_SEARCH_USER_PATHS = NO;
				CLANG_ANALYZER_NONNULL = YES;
				CLANG_CXX_LANGUAGE_STANDARD = "gnu++0x";
				CLANG_CXX_LIBRARY = "libc++";
				CLANG_ENABLE_MODULES = YES;
				CLANG_ENABLE_OBJC_ARC = YES;
				CLANG_WARN_BLOCK_CAPTURE_AUTORELEASING = YES;
				CLANG_WARN_BOOL_CONVERSION = YES;
				CLANG_WARN_COMMA = YES;
				CLANG_WARN_CONSTANT_CONVERSION = YES;
				CLANG_WARN_DIRECT_OBJC_ISA_USAGE = YES_ERROR;
				CLANG_WARN_DOCUMENTATION_COMMENTS = YES;
				CLANG_WARN_EMPTY_BODY = YES;
				CLANG_WARN_ENUM_CONVERSION = YES;
				CLANG_WARN_INFINITE_RECURSION = YES;
				CLANG_WARN_INT_CONVERSION = YES;
				CLANG_WARN_NON_LITERAL_NULL_CONVERSION = YES;
				CLANG_WARN_OBJC_LITERAL_CONVERSION = YES;
				CLANG_WARN_OBJC_ROOT_CLASS = YES_ERROR;
				CLANG_WARN_RANGE_LOOP_ANALYSIS = YES;
				CLANG_WARN_STRICT_PROTOTYPES = YES;
				CLANG_WARN_SUSPICIOUS_MOVE = YES;
				CLANG_WARN_UNREACHABLE_CODE = YES;
				CLANG_WARN__DUPLICATE_METHOD_MATCH = YES;
				"CODE_SIGN_IDENTITY[sdk=iphoneos*]" = "iPhone Developer";
				COPY_PHASE_STRIP = NO;
				DEBUG_INFORMATION_FORMAT = "dwarf-with-dsym";
				ENABLE_NS_ASSERTIONS = NO;
				ENABLE_STRICT_OBJC_MSGSEND = YES;
				GCC_C_LANGUAGE_STANDARD = gnu99;
				GCC_NO_COMMON_BLOCKS = YES;
				GCC_WARN_64_TO_32_BIT_CONVERSION = YES;
				GCC_WARN_ABOUT_RETURN_TYPE = YES_ERROR;
				GCC_WARN_UNDECLARED_SELECTOR = YES;
				GCC_WARN_UNINITIALIZED_AUTOS = YES_AGGRESSIVE;
				GCC_WARN_UNUSED_FUNCTION = YES;
				GCC_WARN_UNUSED_VARIABLE = YES;
				IPHONEOS_DEPLOYMENT_TARGET = 9.0;
				MTL_ENABLE_DEBUG_INFO = NO;
				SDKROOT = iphoneos;
				SWIFT_OPTIMIZATION_LEVEL = "-Owholemodule";
				VALIDATE_PRODUCT = YES;
			};
			name = Release;
		};
		449E5D9D1E13FC6B009F2915 /* Debug */ = {
			isa = XCBuildConfiguration;
			buildSettings = {
				ASSETCATALOG_COMPILER_APPICON_NAME = AppIcon;
				CLANG_ENABLE_MODULES = YES;
				DEVELOPMENT_TEAM = W3MH7MTTSB;
				INFOPLIST_FILE = UIControlDemo/Info.plist;
				IPHONEOS_DEPLOYMENT_TARGET = 9.0;
				LD_RUNPATH_SEARCH_PATHS = "$(inherited) @executable_path/Frameworks";
				PRODUCT_BUNDLE_IDENTIFIER = com.rockgarden.UIControlDemo;
				PRODUCT_NAME = "$(TARGET_NAME)";
				SWIFT_OBJC_BRIDGING_HEADER = "UIControlDemo/UIControlDemo-Bridging-Header.h";
				SWIFT_OPTIMIZATION_LEVEL = "-Onone";
				SWIFT_SWIFT3_OBJC_INFERENCE = Default;
				SWIFT_VERSION = 4.0;
			};
			name = Debug;
		};
		449E5D9E1E13FC6B009F2915 /* Release */ = {
			isa = XCBuildConfiguration;
			buildSettings = {
				ASSETCATALOG_COMPILER_APPICON_NAME = AppIcon;
				CLANG_ENABLE_MODULES = YES;
				DEVELOPMENT_TEAM = W3MH7MTTSB;
				INFOPLIST_FILE = UIControlDemo/Info.plist;
				IPHONEOS_DEPLOYMENT_TARGET = 9.0;
				LD_RUNPATH_SEARCH_PATHS = "$(inherited) @executable_path/Frameworks";
				PRODUCT_BUNDLE_IDENTIFIER = com.rockgarden.UIControlDemo;
				PRODUCT_NAME = "$(TARGET_NAME)";
				SWIFT_OBJC_BRIDGING_HEADER = "UIControlDemo/UIControlDemo-Bridging-Header.h";
				SWIFT_SWIFT3_OBJC_INFERENCE = Default;
				SWIFT_VERSION = 4.0;
			};
			name = Release;
		};
/* End XCBuildConfiguration section */

/* Begin XCConfigurationList section */
		449E5D851E13FC6B009F2915 /* Build configuration list for PBXProject "UIControlDemo" */ = {
			isa = XCConfigurationList;
			buildConfigurations = (
				449E5D9A1E13FC6B009F2915 /* Debug */,
				449E5D9B1E13FC6B009F2915 /* Release */,
			);
			defaultConfigurationIsVisible = 0;
			defaultConfigurationName = Release;
		};
		449E5D9C1E13FC6B009F2915 /* Build configuration list for PBXNativeTarget "UIControlDemo" */ = {
			isa = XCConfigurationList;
			buildConfigurations = (
				449E5D9D1E13FC6B009F2915 /* Debug */,
				449E5D9E1E13FC6B009F2915 /* Release */,
			);
			defaultConfigurationIsVisible = 0;
			defaultConfigurationName = Release;
		};
/* End XCConfigurationList section */
	};
	rootObject = 449E5D821E13FC6B009F2915 /* Project object */;
}
